// !$*UTF8*$!
{
	archiveVersion = 1;
	classes = {
	};
	objectVersion = 56;
	objects = {

/* Begin PBXBuildFile section */
		8318304E29968E46004CDE31 /* DropDown.swift in Sources */ = {isa = PBXBuildFile; fileRef = 8318304D29968E46004CDE31 /* DropDown.swift */; };
		83183050299694E9004CDE31 /* HomePage.swift in Sources */ = {isa = PBXBuildFile; fileRef = 8318304F299694E9004CDE31 /* HomePage.swift */; };
		831830532996D7E9004CDE31 /* FinalCalculation View.swift in Sources */ = {isa = PBXBuildFile; fileRef = 831830522996D7E9004CDE31 /* FinalCalculation View.swift */; };
		83183056299A0952004CDE31 /* FinalCalculationVM.swift in Sources */ = {isa = PBXBuildFile; fileRef = 83183055299A0952004CDE31 /* FinalCalculationVM.swift */; };
		83183059299A81A8004CDE31 /* File.swift in Sources */ = {isa = PBXBuildFile; fileRef = 83183058299A81A8004CDE31 /* File.swift */; };
		8318305E299AB1CF004CDE31 /* Profile View.swift in Sources */ = {isa = PBXBuildFile; fileRef = 8318305D299AB1CF004CDE31 /* Profile View.swift */; };
		8330B9192980FAAB000CAC04 /* TextBoxView.swift in Sources */ = {isa = PBXBuildFile; fileRef = 8330B9182980FAAB000CAC04 /* TextBoxView.swift */; };
		8330B91B29819353000CAC04 /* PasswordBoxView.swift in Sources */ = {isa = PBXBuildFile; fileRef = 8330B91A29819353000CAC04 /* PasswordBoxView.swift */; };
		8330B91D2981975C000CAC04 /* ForgotPasswordView.swift in Sources */ = {isa = PBXBuildFile; fileRef = 8330B91C2981975C000CAC04 /* ForgotPasswordView.swift */; };
		8330B9212982C750000CAC04 /* CloseMod.swift in Sources */ = {isa = PBXBuildFile; fileRef = 8330B9202982C750000CAC04 /* CloseMod.swift */; };
		8330B9282983065B000CAC04 /* NewAccountDetails.swift in Sources */ = {isa = PBXBuildFile; fileRef = 8330B9272983065B000CAC04 /* NewAccountDetails.swift */; };
		8330B92A298306F3000CAC04 /* CreateAccountService.swift in Sources */ = {isa = PBXBuildFile; fileRef = 8330B929298306F3000CAC04 /* CreateAccountService.swift */; };
		833A53E8298438EA004020D5 /* CreateAccountVM.swift in Sources */ = {isa = PBXBuildFile; fileRef = 833A53E7298438EA004020D5 /* CreateAccountVM.swift */; };
		834ABEB029874B350076C14A /* LoginCredientials.swift in Sources */ = {isa = PBXBuildFile; fileRef = 834ABEAF29874B350076C14A /* LoginCredientials.swift */; };
		834ABEB329874B890076C14A /* LoginService.swift in Sources */ = {isa = PBXBuildFile; fileRef = 834ABEB229874B890076C14A /* LoginService.swift */; };
		834ABEB629875DD00076C14A /* LoginVM.swift in Sources */ = {isa = PBXBuildFile; fileRef = 834ABEB529875DD00076C14A /* LoginVM.swift */; };
		834ABEB829877ED50076C14A /* Home.swift in Sources */ = {isa = PBXBuildFile; fileRef = 834ABEB729877ED50076C14A /* Home.swift */; };
		834ABEC229896EAC0076C14A /* ForgotPasswordService.swift in Sources */ = {isa = PBXBuildFile; fileRef = 834ABEC129896EAC0076C14A /* ForgotPasswordService.swift */; };
		834ABEC5298983240076C14A /* ForgotPasswordVM.swift in Sources */ = {isa = PBXBuildFile; fileRef = 834ABEC4298983230076C14A /* ForgotPasswordVM.swift */; };
		8358FDB52993F6B100CFA75B /* SavedRecipes.swift in Sources */ = {isa = PBXBuildFile; fileRef = 8358FDB42993F6B100CFA75B /* SavedRecipes.swift */; };
		8372147C297F91060040F2E9 /* GoogleService-Info.plist in Resources */ = {isa = PBXBuildFile; fileRef = 8372147B297F91050040F2E9 /* GoogleService-Info.plist */; };
		837A5F64297DA6F2000238D3 /* FirebaseAnalyticsSwift in Frameworks */ = {isa = PBXBuildFile; productRef = 837A5F63297DA6F2000238D3 /* FirebaseAnalyticsSwift */; };
		837A5F66297DA6F2000238D3 /* FirebaseAppCheck in Frameworks */ = {isa = PBXBuildFile; productRef = 837A5F65297DA6F2000238D3 /* FirebaseAppCheck */; };
		837A5F68297DA6F2000238D3 /* FirebaseAuth in Frameworks */ = {isa = PBXBuildFile; productRef = 837A5F67297DA6F2000238D3 /* FirebaseAuth */; };
		837A5F6A297DA6F2000238D3 /* FirebaseDatabaseSwift in Frameworks */ = {isa = PBXBuildFile; productRef = 837A5F69297DA6F2000238D3 /* FirebaseDatabaseSwift */; };
		837A5F6C297DA6F2000238D3 /* FirebaseFunctions in Frameworks */ = {isa = PBXBuildFile; productRef = 837A5F6B297DA6F2000238D3 /* FirebaseFunctions */; };
		837A5F6E297DA6F2000238D3 /* FirebaseStorage in Frameworks */ = {isa = PBXBuildFile; productRef = 837A5F6D297DA6F2000238D3 /* FirebaseStorage */; };
		837A5F71297DD233000238D3 /* CreateAccountView.swift in Sources */ = {isa = PBXBuildFile; fileRef = 837A5F70297DD233000238D3 /* CreateAccountView.swift */; };
		837A5F72297DD233000238D3 /* CreateAccountView.swift in Sources */ = {isa = PBXBuildFile; fileRef = 837A5F70297DD233000238D3 /* CreateAccountView.swift */; };
		837A5F73297DD233000238D3 /* CreateAccountView.swift in Sources */ = {isa = PBXBuildFile; fileRef = 837A5F70297DD233000238D3 /* CreateAccountView.swift */; };
		837A5F75297DDA84000238D3 /* CreateAccountController.swift in Sources */ = {isa = PBXBuildFile; fileRef = 837A5F74297DDA84000238D3 /* CreateAccountController.swift */; };
		838277E8298B12D300030D56 /* ButtonViews.swift in Sources */ = {isa = PBXBuildFile; fileRef = 838277E7298B12D300030D56 /* ButtonViews.swift */; };
		839A152E2984852F00E8EE89 /* SessionUserDetails.swift in Sources */ = {isa = PBXBuildFile; fileRef = 839A152D2984852F00E8EE89 /* SessionUserDetails.swift */; };
		839A1531298485A400E8EE89 /* SessionService.swift in Sources */ = {isa = PBXBuildFile; fileRef = 839A1530298485A400E8EE89 /* SessionService.swift */; };
		83B799212979BBB800A233FB /* MacroBarista_Coffee_CalculatorApp.swift in Sources */ = {isa = PBXBuildFile; fileRef = 83B799202979BBB800A233FB /* MacroBarista_Coffee_CalculatorApp.swift */; };
		83B799232979BBB800A233FB /* ContentView.swift in Sources */ = {isa = PBXBuildFile; fileRef = 83B799222979BBB800A233FB /* ContentView.swift */; };
		83B799252979BBBF00A233FB /* Assets.xcassets in Resources */ = {isa = PBXBuildFile; fileRef = 83B799242979BBBF00A233FB /* Assets.xcassets */; };
		83B799292979BBBF00A233FB /* Preview Assets.xcassets in Resources */ = {isa = PBXBuildFile; fileRef = 83B799282979BBBF00A233FB /* Preview Assets.xcassets */; };
		83B799332979BBC000A233FB /* MacroBarista_Coffee_CalculatorTests.swift in Sources */ = {isa = PBXBuildFile; fileRef = 83B799322979BBC000A233FB /* MacroBarista_Coffee_CalculatorTests.swift */; };
		83B7993D2979BBC000A233FB /* MacroBarista_Coffee_CalculatorUITests.swift in Sources */ = {isa = PBXBuildFile; fileRef = 83B7993C2979BBC000A233FB /* MacroBarista_Coffee_CalculatorUITests.swift */; };
		83B7993F2979BBC000A233FB /* MacroBarista_Coffee_CalculatorUITestsLaunchTests.swift in Sources */ = {isa = PBXBuildFile; fileRef = 83B7993E2979BBC000A233FB /* MacroBarista_Coffee_CalculatorUITestsLaunchTests.swift */; };
/* End PBXBuildFile section */

/* Begin PBXContainerItemProxy section */
		83B7992F2979BBC000A233FB /* PBXContainerItemProxy */ = {
			isa = PBXContainerItemProxy;
			containerPortal = 83B799152979BBB800A233FB /* Project object */;
			proxyType = 1;
			remoteGlobalIDString = 83B7991C2979BBB800A233FB;
			remoteInfo = "MacroBarista Coffee Calculator";
		};
		83B799392979BBC000A233FB /* PBXContainerItemProxy */ = {
			isa = PBXContainerItemProxy;
			containerPortal = 83B799152979BBB800A233FB /* Project object */;
			proxyType = 1;
			remoteGlobalIDString = 83B7991C2979BBB800A233FB;
			remoteInfo = "MacroBarista Coffee Calculator";
		};
/* End PBXContainerItemProxy section */

/* Begin PBXFileReference section */
		8318304D29968E46004CDE31 /* DropDown.swift */ = {isa = PBXFileReference; lastKnownFileType = sourcecode.swift; path = DropDown.swift; sourceTree = "<group>"; };
		8318304F299694E9004CDE31 /* HomePage.swift */ = {isa = PBXFileReference; lastKnownFileType = sourcecode.swift; path = HomePage.swift; sourceTree = "<group>"; };
		831830522996D7E9004CDE31 /* FinalCalculation View.swift */ = {isa = PBXFileReference; lastKnownFileType = sourcecode.swift; path = "FinalCalculation View.swift"; sourceTree = "<group>"; };
		83183055299A0952004CDE31 /* FinalCalculationVM.swift */ = {isa = PBXFileReference; lastKnownFileType = sourcecode.swift; path = FinalCalculationVM.swift; sourceTree = "<group>"; };
		83183058299A81A8004CDE31 /* File.swift */ = {isa = PBXFileReference; lastKnownFileType = sourcecode.swift; path = File.swift; sourceTree = "<group>"; };
		8318305D299AB1CF004CDE31 /* Profile View.swift */ = {isa = PBXFileReference; lastKnownFileType = sourcecode.swift; path = "Profile View.swift"; sourceTree = "<group>"; };
		8330B9182980FAAB000CAC04 /* TextBoxView.swift */ = {isa = PBXFileReference; lastKnownFileType = sourcecode.swift; path = TextBoxView.swift; sourceTree = "<group>"; };
		8330B91A29819353000CAC04 /* PasswordBoxView.swift */ = {isa = PBXFileReference; lastKnownFileType = sourcecode.swift; path = PasswordBoxView.swift; sourceTree = "<group>"; };
		8330B91C2981975C000CAC04 /* ForgotPasswordView.swift */ = {isa = PBXFileReference; lastKnownFileType = sourcecode.swift; path = ForgotPasswordView.swift; sourceTree = "<group>"; };
		8330B9202982C750000CAC04 /* CloseMod.swift */ = {isa = PBXFileReference; lastKnownFileType = sourcecode.swift; path = CloseMod.swift; sourceTree = "<group>"; };
		8330B9272983065B000CAC04 /* NewAccountDetails.swift */ = {isa = PBXFileReference; lastKnownFileType = sourcecode.swift; path = NewAccountDetails.swift; sourceTree = "<group>"; };
		8330B929298306F3000CAC04 /* CreateAccountService.swift */ = {isa = PBXFileReference; lastKnownFileType = sourcecode.swift; path = CreateAccountService.swift; sourceTree = "<group>"; };
		833A53E7298438EA004020D5 /* CreateAccountVM.swift */ = {isa = PBXFileReference; lastKnownFileType = sourcecode.swift; path = CreateAccountVM.swift; sourceTree = "<group>"; };
		834ABEAF29874B350076C14A /* LoginCredientials.swift */ = {isa = PBXFileReference; lastKnownFileType = sourcecode.swift; path = LoginCredientials.swift; sourceTree = "<group>"; };
		834ABEB229874B890076C14A /* LoginService.swift */ = {isa = PBXFileReference; lastKnownFileType = sourcecode.swift; path = LoginService.swift; sourceTree = "<group>"; };
		834ABEB529875DD00076C14A /* LoginVM.swift */ = {isa = PBXFileReference; lastKnownFileType = sourcecode.swift; path = LoginVM.swift; sourceTree = "<group>"; };
		834ABEB729877ED50076C14A /* Home.swift */ = {isa = PBXFileReference; lastKnownFileType = sourcecode.swift; path = Home.swift; sourceTree = "<group>"; };
		834ABEC129896EAC0076C14A /* ForgotPasswordService.swift */ = {isa = PBXFileReference; lastKnownFileType = sourcecode.swift; path = ForgotPasswordService.swift; sourceTree = "<group>"; };
		834ABEC4298983230076C14A /* ForgotPasswordVM.swift */ = {isa = PBXFileReference; lastKnownFileType = sourcecode.swift; path = ForgotPasswordVM.swift; sourceTree = "<group>"; };
		8358FDB42993F6B100CFA75B /* SavedRecipes.swift */ = {isa = PBXFileReference; lastKnownFileType = sourcecode.swift; path = SavedRecipes.swift; sourceTree = "<group>"; };
		8372147B297F91050040F2E9 /* GoogleService-Info.plist */ = {isa = PBXFileReference; fileEncoding = 4; lastKnownFileType = text.plist.xml; name = "GoogleService-Info.plist"; path = "../../../Downloads/GoogleService-Info.plist"; sourceTree = "<group>"; };
		8372147D297F910D0040F2E9 /* GoogleService-Info.plist */ = {isa = PBXFileReference; lastKnownFileType = text.plist.xml; path = "GoogleService-Info.plist"; sourceTree = "<group>"; };
		837A5F70297DD233000238D3 /* CreateAccountView.swift */ = {isa = PBXFileReference; lastKnownFileType = sourcecode.swift; path = CreateAccountView.swift; sourceTree = "<group>"; };
		837A5F74297DDA84000238D3 /* CreateAccountController.swift */ = {isa = PBXFileReference; lastKnownFileType = sourcecode.swift; path = CreateAccountController.swift; sourceTree = "<group>"; };
		838277E7298B12D300030D56 /* ButtonViews.swift */ = {isa = PBXFileReference; lastKnownFileType = sourcecode.swift; path = ButtonViews.swift; sourceTree = "<group>"; };
		839A152D2984852F00E8EE89 /* SessionUserDetails.swift */ = {isa = PBXFileReference; lastKnownFileType = sourcecode.swift; path = SessionUserDetails.swift; sourceTree = "<group>"; };
		839A1530298485A400E8EE89 /* SessionService.swift */ = {isa = PBXFileReference; lastKnownFileType = sourcecode.swift; path = SessionService.swift; sourceTree = "<group>"; };
		83B7991D2979BBB800A233FB /* MacroBarista Coffee Calculator.app */ = {isa = PBXFileReference; explicitFileType = wrapper.application; includeInIndex = 0; path = "MacroBarista Coffee Calculator.app"; sourceTree = BUILT_PRODUCTS_DIR; };
		83B799202979BBB800A233FB /* MacroBarista_Coffee_CalculatorApp.swift */ = {isa = PBXFileReference; lastKnownFileType = sourcecode.swift; path = MacroBarista_Coffee_CalculatorApp.swift; sourceTree = "<group>"; };
		83B799222979BBB800A233FB /* ContentView.swift */ = {isa = PBXFileReference; lastKnownFileType = sourcecode.swift; path = ContentView.swift; sourceTree = "<group>"; };
		83B799242979BBBF00A233FB /* Assets.xcassets */ = {isa = PBXFileReference; lastKnownFileType = folder.assetcatalog; path = Assets.xcassets; sourceTree = "<group>"; };
		83B799262979BBBF00A233FB /* MacroBarista_Coffee_Calculator.entitlements */ = {isa = PBXFileReference; lastKnownFileType = text.plist.entitlements; path = MacroBarista_Coffee_Calculator.entitlements; sourceTree = "<group>"; };
		83B799282979BBBF00A233FB /* Preview Assets.xcassets */ = {isa = PBXFileReference; lastKnownFileType = folder.assetcatalog; path = "Preview Assets.xcassets"; sourceTree = "<group>"; };
		83B7992E2979BBC000A233FB /* MacroBarista Coffee CalculatorTests.xctest */ = {isa = PBXFileReference; explicitFileType = wrapper.cfbundle; includeInIndex = 0; path = "MacroBarista Coffee CalculatorTests.xctest"; sourceTree = BUILT_PRODUCTS_DIR; };
		83B799322979BBC000A233FB /* MacroBarista_Coffee_CalculatorTests.swift */ = {isa = PBXFileReference; lastKnownFileType = sourcecode.swift; path = MacroBarista_Coffee_CalculatorTests.swift; sourceTree = "<group>"; };
		83B799382979BBC000A233FB /* MacroBarista Coffee CalculatorUITests.xctest */ = {isa = PBXFileReference; explicitFileType = wrapper.cfbundle; includeInIndex = 0; path = "MacroBarista Coffee CalculatorUITests.xctest"; sourceTree = BUILT_PRODUCTS_DIR; };
		83B7993C2979BBC000A233FB /* MacroBarista_Coffee_CalculatorUITests.swift */ = {isa = PBXFileReference; lastKnownFileType = sourcecode.swift; path = MacroBarista_Coffee_CalculatorUITests.swift; sourceTree = "<group>"; };
		83B7993E2979BBC000A233FB /* MacroBarista_Coffee_CalculatorUITestsLaunchTests.swift */ = {isa = PBXFileReference; lastKnownFileType = sourcecode.swift; path = MacroBarista_Coffee_CalculatorUITestsLaunchTests.swift; sourceTree = "<group>"; };
/* End PBXFileReference section */

/* Begin PBXFrameworksBuildPhase section */
		83B7991A2979BBB800A233FB /* Frameworks */ = {
			isa = PBXFrameworksBuildPhase;
			buildActionMask = 2147483647;
			files = (
				837A5F6A297DA6F2000238D3 /* FirebaseDatabaseSwift in Frameworks */,
				837A5F66297DA6F2000238D3 /* FirebaseAppCheck in Frameworks */,
				837A5F6C297DA6F2000238D3 /* FirebaseFunctions in Frameworks */,
				837A5F68297DA6F2000238D3 /* FirebaseAuth in Frameworks */,
				837A5F64297DA6F2000238D3 /* FirebaseAnalyticsSwift in Frameworks */,
				837A5F6E297DA6F2000238D3 /* FirebaseStorage in Frameworks */,
			);
			runOnlyForDeploymentPostprocessing = 0;
		};
		83B7992B2979BBC000A233FB /* Frameworks */ = {
			isa = PBXFrameworksBuildPhase;
			buildActionMask = 2147483647;
			files = (
			);
			runOnlyForDeploymentPostprocessing = 0;
		};
		83B799352979BBC000A233FB /* Frameworks */ = {
			isa = PBXFrameworksBuildPhase;
			buildActionMask = 2147483647;
			files = (
			);
			runOnlyForDeploymentPostprocessing = 0;
		};
/* End PBXFrameworksBuildPhase section */

/* Begin PBXGroup section */
		831830512996D740004CDE31 /* FinalCalculation */ = {
			isa = PBXGroup;
			children = (
				83183057299A8191004CDE31 /* FinalCalculationService */,
				83183054299A0930004CDE31 /* Viewmodel */,
				831830522996D7E9004CDE31 /* FinalCalculation View.swift */,
			);
			path = FinalCalculation;
			sourceTree = "<group>";
		};
		83183054299A0930004CDE31 /* Viewmodel */ = {
			isa = PBXGroup;
			children = (
				83183055299A0952004CDE31 /* FinalCalculationVM.swift */,
			);
			name = Viewmodel;
			sourceTree = "<group>";
		};
		83183057299A8191004CDE31 /* FinalCalculationService */ = {
			isa = PBXGroup;
			children = (
				83183058299A81A8004CDE31 /* File.swift */,
			);
			name = FinalCalculationService;
			sourceTree = "<group>";
		};
		8318305C299AB1AD004CDE31 /* Profile */ = {
			isa = PBXGroup;
			children = (
				8318305D299AB1CF004CDE31 /* Profile View.swift */,
			);
			path = Profile;
			sourceTree = "<group>";
		};
		8330B9242982E860000CAC04 /* Create Account */ = {
			isa = PBXGroup;
			children = (
				834ABEC729899ADA0076C14A /* Detaill */,
				834ABEC629899ACB0076C14A /* Service */,
				833A53E6298438BB004020D5 /* ViewModel */,
				837A5F70297DD233000238D3 /* CreateAccountView.swift */,
				837A5F74297DDA84000238D3 /* CreateAccountController.swift */,
			);
			path = "Create Account";
			sourceTree = "<group>";
		};
		8330B9252982E87A000CAC04 /* Forgot Password */ = {
			isa = PBXGroup;
			children = (
				834ABEC3298983110076C14A /* VM */,
				834ABEC029896E250076C14A /* Service */,
				8330B91C2981975C000CAC04 /* ForgotPasswordView.swift */,
			);
			path = "Forgot Password";
			sourceTree = "<group>";
		};
		8330B9262982E89A000CAC04 /* Login Screen */ = {
			isa = PBXGroup;
			children = (
				834ABEB429875DB10076C14A /* VM */,
				834ABEB129874B6D0076C14A /* Service */,
				834ABEAE29874B120076C14A /* Model */,
				83B799222979BBB800A233FB /* ContentView.swift */,
			);
			path = "Login Screen";
			sourceTree = "<group>";
		};
		833485D029A7BBAD004737C3 /* Loading Screen */ = {
			isa = PBXGroup;
			children = (
			);
			path = "Loading Screen";
			sourceTree = "<group>";
		};
		833A53E6298438BB004020D5 /* ViewModel */ = {
			isa = PBXGroup;
			children = (
				833A53E7298438EA004020D5 /* CreateAccountVM.swift */,
			);
			path = ViewModel;
			sourceTree = "<group>";
		};
		834ABEAE29874B120076C14A /* Model */ = {
			isa = PBXGroup;
			children = (
				834ABEAF29874B350076C14A /* LoginCredientials.swift */,
			);
			path = Model;
			sourceTree = "<group>";
		};
		834ABEB129874B6D0076C14A /* Service */ = {
			isa = PBXGroup;
			children = (
				834ABEB229874B890076C14A /* LoginService.swift */,
			);
			path = Service;
			sourceTree = "<group>";
		};
		834ABEB429875DB10076C14A /* VM */ = {
			isa = PBXGroup;
			children = (
				834ABEB529875DD00076C14A /* LoginVM.swift */,
			);
			path = VM;
			sourceTree = "<group>";
		};
		834ABEB929877EE40076C14A /* Homepage */ = {
			isa = PBXGroup;
			children = (
				8318305C299AB1AD004CDE31 /* Profile */,
				831830512996D740004CDE31 /* FinalCalculation */,
				8358FDB22993F62000CFA75B /* Tabview */,
				834ABEB729877ED50076C14A /* Home.swift */,
				8318304D29968E46004CDE31 /* DropDown.swift */,
				838277E7298B12D300030D56 /* ButtonViews.swift */,
				8318304F299694E9004CDE31 /* HomePage.swift */,
			);
			path = Homepage;
			sourceTree = "<group>";
		};
		834ABEC029896E250076C14A /* Service */ = {
			isa = PBXGroup;
			children = (
				834ABEC129896EAC0076C14A /* ForgotPasswordService.swift */,
			);
			path = Service;
			sourceTree = "<group>";
		};
		834ABEC3298983110076C14A /* VM */ = {
			isa = PBXGroup;
			children = (
				834ABEC4298983230076C14A /* ForgotPasswordVM.swift */,
			);
			path = VM;
			sourceTree = "<group>";
		};
		834ABEC629899ACB0076C14A /* Service */ = {
			isa = PBXGroup;
			children = (
				8330B929298306F3000CAC04 /* CreateAccountService.swift */,
			);
			path = Service;
			sourceTree = "<group>";
		};
		834ABEC729899ADA0076C14A /* Detaill */ = {
			isa = PBXGroup;
			children = (
				8330B9272983065B000CAC04 /* NewAccountDetails.swift */,
			);
			path = Detaill;
			sourceTree = "<group>";
		};
		8358FDB22993F62000CFA75B /* Tabview */ = {
			isa = PBXGroup;
			children = (
				8358FDB32993F63300CFA75B /* Account */,
				83D38FC6298DEC5D003B674A /* SavedRecipes */,
			);
			path = Tabview;
			sourceTree = "<group>";
		};
		8358FDB32993F63300CFA75B /* Account */ = {
			isa = PBXGroup;
			children = (
			);
			path = Account;
			sourceTree = "<group>";
		};
		837A5F6F297DD0E1000238D3 /* Views */ = {
			isa = PBXGroup;
			children = (
				833485D029A7BBAD004737C3 /* Loading Screen */,
				834ABEB929877EE40076C14A /* Homepage */,
				8330B9262982E89A000CAC04 /* Login Screen */,
				8330B9252982E87A000CAC04 /* Forgot Password */,
				8330B9242982E860000CAC04 /* Create Account */,
				8330B9182980FAAB000CAC04 /* TextBoxView.swift */,
				8330B91A29819353000CAC04 /* PasswordBoxView.swift */,
				8330B9202982C750000CAC04 /* CloseMod.swift */,
			);
			path = Views;
			sourceTree = "<group>";
		};
		839A152A298484E900E8EE89 /* Feature */ = {
			isa = PBXGroup;
			children = (
				839A152B2984850200E8EE89 /* Session */,
				837A5F6F297DD0E1000238D3 /* Views */,
			);
			path = Feature;
			sourceTree = "<group>";
		};
		839A152B2984850200E8EE89 /* Session */ = {
			isa = PBXGroup;
			children = (
				839A152C2984851200E8EE89 /* Model */,
				839A152F2984858700E8EE89 /* Service */,
			);
			path = Session;
			sourceTree = "<group>";
		};
		839A152C2984851200E8EE89 /* Model */ = {
			isa = PBXGroup;
			children = (
				839A152D2984852F00E8EE89 /* SessionUserDetails.swift */,
			);
			path = Model;
			sourceTree = "<group>";
		};
		839A152F2984858700E8EE89 /* Service */ = {
			isa = PBXGroup;
			children = (
				839A1530298485A400E8EE89 /* SessionService.swift */,
			);
			path = Service;
			sourceTree = "<group>";
		};
		83B799142979BBB800A233FB = {
			isa = PBXGroup;
			children = (
				8372147D297F910D0040F2E9 /* GoogleService-Info.plist */,
				83B7991F2979BBB800A233FB /* MacroBarista Coffee Calculator */,
				83B799312979BBC000A233FB /* MacroBarista Coffee CalculatorTests */,
				83B7993B2979BBC000A233FB /* MacroBarista Coffee CalculatorUITests */,
				83B7991E2979BBB800A233FB /* Products */,
			);
			sourceTree = "<group>";
		};
		83B7991E2979BBB800A233FB /* Products */ = {
			isa = PBXGroup;
			children = (
				83B7991D2979BBB800A233FB /* MacroBarista Coffee Calculator.app */,
				83B7992E2979BBC000A233FB /* MacroBarista Coffee CalculatorTests.xctest */,
				83B799382979BBC000A233FB /* MacroBarista Coffee CalculatorUITests.xctest */,
			);
			name = Products;
			sourceTree = "<group>";
		};
		83B7991F2979BBB800A233FB /* MacroBarista Coffee Calculator */ = {
			isa = PBXGroup;
			children = (
				839A152A298484E900E8EE89 /* Feature */,
				83B799202979BBB800A233FB /* MacroBarista_Coffee_CalculatorApp.swift */,
				83B799242979BBBF00A233FB /* Assets.xcassets */,
				83B799262979BBBF00A233FB /* MacroBarista_Coffee_Calculator.entitlements */,
				8372147B297F91050040F2E9 /* GoogleService-Info.plist */,
				83B799272979BBBF00A233FB /* Preview Content */,
			);
			path = "MacroBarista Coffee Calculator";
			sourceTree = "<group>";
		};
		83B799272979BBBF00A233FB /* Preview Content */ = {
			isa = PBXGroup;
			children = (
				83B799282979BBBF00A233FB /* Preview Assets.xcassets */,
			);
			path = "Preview Content";
			sourceTree = "<group>";
		};
		83B799312979BBC000A233FB /* MacroBarista Coffee CalculatorTests */ = {
			isa = PBXGroup;
			children = (
				83B799322979BBC000A233FB /* MacroBarista_Coffee_CalculatorTests.swift */,
			);
			path = "MacroBarista Coffee CalculatorTests";
			sourceTree = "<group>";
		};
		83B7993B2979BBC000A233FB /* MacroBarista Coffee CalculatorUITests */ = {
			isa = PBXGroup;
			children = (
				83B7993C2979BBC000A233FB /* MacroBarista_Coffee_CalculatorUITests.swift */,
				83B7993E2979BBC000A233FB /* MacroBarista_Coffee_CalculatorUITestsLaunchTests.swift */,
			);
			path = "MacroBarista Coffee CalculatorUITests";
			sourceTree = "<group>";
		};
		83D38FC6298DEC5D003B674A /* SavedRecipes */ = {
			isa = PBXGroup;
			children = (
				8358FDB42993F6B100CFA75B /* SavedRecipes.swift */,
			);
			path = SavedRecipes;
			sourceTree = "<group>";
		};
/* End PBXGroup section */

/* Begin PBXNativeTarget section */
		83B7991C2979BBB800A233FB /* MacroBarista Coffee Calculator */ = {
			isa = PBXNativeTarget;
			buildConfigurationList = 83B799422979BBC000A233FB /* Build configuration list for PBXNativeTarget "MacroBarista Coffee Calculator" */;
			buildPhases = (
				83B799192979BBB800A233FB /* Sources */,
				83B7991A2979BBB800A233FB /* Frameworks */,
				83B7991B2979BBB800A233FB /* Resources */,
			);
			buildRules = (
			);
			dependencies = (
			);
			name = "MacroBarista Coffee Calculator";
			packageProductDependencies = (
				837A5F63297DA6F2000238D3 /* FirebaseAnalyticsSwift */,
				837A5F65297DA6F2000238D3 /* FirebaseAppCheck */,
				837A5F67297DA6F2000238D3 /* FirebaseAuth */,
				837A5F69297DA6F2000238D3 /* FirebaseDatabaseSwift */,
				837A5F6B297DA6F2000238D3 /* FirebaseFunctions */,
				837A5F6D297DA6F2000238D3 /* FirebaseStorage */,
			);
			productName = "MacroBarista Coffee Calculator";
			productReference = 83B7991D2979BBB800A233FB /* MacroBarista Coffee Calculator.app */;
			productType = "com.apple.product-type.application";
		};
		83B7992D2979BBC000A233FB /* MacroBarista Coffee CalculatorTests */ = {
			isa = PBXNativeTarget;
			buildConfigurationList = 83B799452979BBC000A233FB /* Build configuration list for PBXNativeTarget "MacroBarista Coffee CalculatorTests" */;
			buildPhases = (
				83B7992A2979BBC000A233FB /* Sources */,
				83B7992B2979BBC000A233FB /* Frameworks */,
				83B7992C2979BBC000A233FB /* Resources */,
			);
			buildRules = (
			);
			dependencies = (
				83B799302979BBC000A233FB /* PBXTargetDependency */,
			);
			name = "MacroBarista Coffee CalculatorTests";
			productName = "MacroBarista Coffee CalculatorTests";
			productReference = 83B7992E2979BBC000A233FB /* MacroBarista Coffee CalculatorTests.xctest */;
			productType = "com.apple.product-type.bundle.unit-test";
		};
		83B799372979BBC000A233FB /* MacroBarista Coffee CalculatorUITests */ = {
			isa = PBXNativeTarget;
			buildConfigurationList = 83B799482979BBC000A233FB /* Build configuration list for PBXNativeTarget "MacroBarista Coffee CalculatorUITests" */;
			buildPhases = (
				83B799342979BBC000A233FB /* Sources */,
				83B799352979BBC000A233FB /* Frameworks */,
				83B799362979BBC000A233FB /* Resources */,
			);
			buildRules = (
			);
			dependencies = (
				83B7993A2979BBC000A233FB /* PBXTargetDependency */,
			);
			name = "MacroBarista Coffee CalculatorUITests";
			productName = "MacroBarista Coffee CalculatorUITests";
			productReference = 83B799382979BBC000A233FB /* MacroBarista Coffee CalculatorUITests.xctest */;
			productType = "com.apple.product-type.bundle.ui-testing";
		};
/* End PBXNativeTarget section */

/* Begin PBXProject section */
		83B799152979BBB800A233FB /* Project object */ = {
			isa = PBXProject;
			attributes = {
				BuildIndependentTargetsInParallel = 1;
				LastSwiftUpdateCheck = 1420;
				LastUpgradeCheck = 1420;
				TargetAttributes = {
					83B7991C2979BBB800A233FB = {
						CreatedOnToolsVersion = 14.2;
					};
					83B7992D2979BBC000A233FB = {
						CreatedOnToolsVersion = 14.2;
						TestTargetID = 83B7991C2979BBB800A233FB;
					};
					83B799372979BBC000A233FB = {
						CreatedOnToolsVersion = 14.2;
						TestTargetID = 83B7991C2979BBB800A233FB;
					};
				};
			};
			buildConfigurationList = 83B799182979BBB800A233FB /* Build configuration list for PBXProject "MacroBarista Coffee Calculator" */;
			compatibilityVersion = "Xcode 14.0";
			developmentRegion = en;
			hasScannedForEncodings = 0;
			knownRegions = (
				en,
				Base,
			);
			mainGroup = 83B799142979BBB800A233FB;
			packageReferences = (
				837A5F62297DA6F2000238D3 /* XCRemoteSwiftPackageReference "firebase-ios-sdk" */,
			);
			productRefGroup = 83B7991E2979BBB800A233FB /* Products */;
			projectDirPath = "";
			projectRoot = "";
			targets = (
				83B7991C2979BBB800A233FB /* MacroBarista Coffee Calculator */,
				83B7992D2979BBC000A233FB /* MacroBarista Coffee CalculatorTests */,
				83B799372979BBC000A233FB /* MacroBarista Coffee CalculatorUITests */,
			);
		};
/* End PBXProject section */

/* Begin PBXResourcesBuildPhase section */
		83B7991B2979BBB800A233FB /* Resources */ = {
			isa = PBXResourcesBuildPhase;
			buildActionMask = 2147483647;
			files = (
				83B799292979BBBF00A233FB /* Preview Assets.xcassets in Resources */,
				83B799252979BBBF00A233FB /* Assets.xcassets in Resources */,
				8372147C297F91060040F2E9 /* GoogleService-Info.plist in Resources */,
			);
			runOnlyForDeploymentPostprocessing = 0;
		};
		83B7992C2979BBC000A233FB /* Resources */ = {
			isa = PBXResourcesBuildPhase;
			buildActionMask = 2147483647;
			files = (
			);
			runOnlyForDeploymentPostprocessing = 0;
		};
		83B799362979BBC000A233FB /* Resources */ = {
			isa = PBXResourcesBuildPhase;
			buildActionMask = 2147483647;
			files = (
			);
			runOnlyForDeploymentPostprocessing = 0;
		};
/* End PBXResourcesBuildPhase section */

/* Begin PBXSourcesBuildPhase section */
		83B799192979BBB800A233FB /* Sources */ = {
			isa = PBXSourcesBuildPhase;
			buildActionMask = 2147483647;
			files = (
				8318305E299AB1CF004CDE31 /* Profile View.swift in Sources */,
				834ABEC5298983240076C14A /* ForgotPasswordVM.swift in Sources */,
				839A152E2984852F00E8EE89 /* SessionUserDetails.swift in Sources */,
				8330B92A298306F3000CAC04 /* CreateAccountService.swift in Sources */,
				831830532996D7E9004CDE31 /* FinalCalculation View.swift in Sources */,
				83183050299694E9004CDE31 /* HomePage.swift in Sources */,
				839A1531298485A400E8EE89 /* SessionService.swift in Sources */,
				838277E8298B12D300030D56 /* ButtonViews.swift in Sources */,
				834ABEB829877ED50076C14A /* Home.swift in Sources */,
				83B799232979BBB800A233FB /* ContentView.swift in Sources */,
				834ABEC229896EAC0076C14A /* ForgotPasswordService.swift in Sources */,
				8330B9282983065B000CAC04 /* NewAccountDetails.swift in Sources */,
				8330B91D2981975C000CAC04 /* ForgotPasswordView.swift in Sources */,
				834ABEB329874B890076C14A /* LoginService.swift in Sources */,
				83B799212979BBB800A233FB /* MacroBarista_Coffee_CalculatorApp.swift in Sources */,
				8358FDB52993F6B100CFA75B /* SavedRecipes.swift in Sources */,
				83183059299A81A8004CDE31 /* File.swift in Sources */,
				837A5F71297DD233000238D3 /* CreateAccountView.swift in Sources */,
				837A5F75297DDA84000238D3 /* CreateAccountController.swift in Sources */,
				834ABEB029874B350076C14A /* LoginCredientials.swift in Sources */,
				83183056299A0952004CDE31 /* FinalCalculationVM.swift in Sources */,
				833A53E8298438EA004020D5 /* CreateAccountVM.swift in Sources */,
				8330B9192980FAAB000CAC04 /* TextBoxView.swift in Sources */,
				8330B9212982C750000CAC04 /* CloseMod.swift in Sources */,
				8330B91B29819353000CAC04 /* PasswordBoxView.swift in Sources */,
				834ABEB629875DD00076C14A /* LoginVM.swift in Sources */,
				8318304E29968E46004CDE31 /* DropDown.swift in Sources */,
			);
			runOnlyForDeploymentPostprocessing = 0;
		};
		83B7992A2979BBC000A233FB /* Sources */ = {
			isa = PBXSourcesBuildPhase;
			buildActionMask = 2147483647;
			files = (
				83B799332979BBC000A233FB /* MacroBarista_Coffee_CalculatorTests.swift in Sources */,
				837A5F72297DD233000238D3 /* CreateAccountView.swift in Sources */,
			);
			runOnlyForDeploymentPostprocessing = 0;
		};
		83B799342979BBC000A233FB /* Sources */ = {
			isa = PBXSourcesBuildPhase;
			buildActionMask = 2147483647;
			files = (
				83B7993F2979BBC000A233FB /* MacroBarista_Coffee_CalculatorUITestsLaunchTests.swift in Sources */,
				837A5F73297DD233000238D3 /* CreateAccountView.swift in Sources */,
				83B7993D2979BBC000A233FB /* MacroBarista_Coffee_CalculatorUITests.swift in Sources */,
			);
			runOnlyForDeploymentPostprocessing = 0;
		};
/* End PBXSourcesBuildPhase section */

/* Begin PBXTargetDependency section */
		83B799302979BBC000A233FB /* PBXTargetDependency */ = {
			isa = PBXTargetDependency;
			target = 83B7991C2979BBB800A233FB /* MacroBarista Coffee Calculator */;
			targetProxy = 83B7992F2979BBC000A233FB /* PBXContainerItemProxy */;
		};
		83B7993A2979BBC000A233FB /* PBXTargetDependency */ = {
			isa = PBXTargetDependency;
			target = 83B7991C2979BBB800A233FB /* MacroBarista Coffee Calculator */;
			targetProxy = 83B799392979BBC000A233FB /* PBXContainerItemProxy */;
		};
/* End PBXTargetDependency section */

/* Begin XCBuildConfiguration section */
		83B799402979BBC000A233FB /* Debug */ = {
			isa = XCBuildConfiguration;
			buildSettings = {
				ALWAYS_SEARCH_USER_PATHS = NO;
				CLANG_ANALYZER_NONNULL = YES;
				CLANG_ANALYZER_NUMBER_OBJECT_CONVERSION = YES_AGGRESSIVE;
				CLANG_CXX_LANGUAGE_STANDARD = "gnu++20";
				CLANG_ENABLE_MODULES = YES;
				CLANG_ENABLE_OBJC_ARC = YES;
				CLANG_ENABLE_OBJC_WEAK = YES;
				CLANG_WARN_BLOCK_CAPTURE_AUTORELEASING = YES;
				CLANG_WARN_BOOL_CONVERSION = YES;
				CLANG_WARN_COMMA = YES;
				CLANG_WARN_CONSTANT_CONVERSION = YES;
				CLANG_WARN_DEPRECATED_OBJC_IMPLEMENTATIONS = YES;
				CLANG_WARN_DIRECT_OBJC_ISA_USAGE = YES_ERROR;
				CLANG_WARN_DOCUMENTATION_COMMENTS = YES;
				CLANG_WARN_EMPTY_BODY = YES;
				CLANG_WARN_ENUM_CONVERSION = YES;
				CLANG_WARN_INFINITE_RECURSION = YES;
				CLANG_WARN_INT_CONVERSION = YES;
				CLANG_WARN_NON_LITERAL_NULL_CONVERSION = YES;
				CLANG_WARN_OBJC_IMPLICIT_RETAIN_SELF = YES;
				CLANG_WARN_OBJC_LITERAL_CONVERSION = YES;
				CLANG_WARN_OBJC_ROOT_CLASS = YES_ERROR;
				CLANG_WARN_QUOTED_INCLUDE_IN_FRAMEWORK_HEADER = YES;
				CLANG_WARN_RANGE_LOOP_ANALYSIS = YES;
				CLANG_WARN_STRICT_PROTOTYPES = YES;
				CLANG_WARN_SUSPICIOUS_MOVE = YES;
				CLANG_WARN_UNGUARDED_AVAILABILITY = YES_AGGRESSIVE;
				CLANG_WARN_UNREACHABLE_CODE = YES;
				CLANG_WARN__DUPLICATE_METHOD_MATCH = YES;
				COPY_PHASE_STRIP = NO;
				DEBUG_INFORMATION_FORMAT = dwarf;
				ENABLE_STRICT_OBJC_MSGSEND = YES;
				ENABLE_TESTABILITY = YES;
				GCC_C_LANGUAGE_STANDARD = gnu11;
				GCC_DYNAMIC_NO_PIC = NO;
				GCC_NO_COMMON_BLOCKS = YES;
				GCC_OPTIMIZATION_LEVEL = 0;
				GCC_PREPROCESSOR_DEFINITIONS = (
					"DEBUG=1",
					"$(inherited)",
				);
				GCC_WARN_64_TO_32_BIT_CONVERSION = YES;
				GCC_WARN_ABOUT_RETURN_TYPE = YES_ERROR;
				GCC_WARN_UNDECLARED_SELECTOR = YES;
				GCC_WARN_UNINITIALIZED_AUTOS = YES_AGGRESSIVE;
				GCC_WARN_UNUSED_FUNCTION = YES;
				GCC_WARN_UNUSED_VARIABLE = YES;
				MTL_ENABLE_DEBUG_INFO = INCLUDE_SOURCE;
				MTL_FAST_MATH = YES;
				ONLY_ACTIVE_ARCH = YES;
				SWIFT_ACTIVE_COMPILATION_CONDITIONS = DEBUG;
				SWIFT_OPTIMIZATION_LEVEL = "-Onone";
			};
			name = Debug;
		};
		83B799412979BBC000A233FB /* Release */ = {
			isa = XCBuildConfiguration;
			buildSettings = {
				ALWAYS_SEARCH_USER_PATHS = NO;
				CLANG_ANALYZER_NONNULL = YES;
				CLANG_ANALYZER_NUMBER_OBJECT_CONVERSION = YES_AGGRESSIVE;
				CLANG_CXX_LANGUAGE_STANDARD = "gnu++20";
				CLANG_ENABLE_MODULES = YES;
				CLANG_ENABLE_OBJC_ARC = YES;
				CLANG_ENABLE_OBJC_WEAK = YES;
				CLANG_WARN_BLOCK_CAPTURE_AUTORELEASING = YES;
				CLANG_WARN_BOOL_CONVERSION = YES;
				CLANG_WARN_COMMA = YES;
				CLANG_WARN_CONSTANT_CONVERSION = YES;
				CLANG_WARN_DEPRECATED_OBJC_IMPLEMENTATIONS = YES;
				CLANG_WARN_DIRECT_OBJC_ISA_USAGE = YES_ERROR;
				CLANG_WARN_DOCUMENTATION_COMMENTS = YES;
				CLANG_WARN_EMPTY_BODY = YES;
				CLANG_WARN_ENUM_CONVERSION = YES;
				CLANG_WARN_INFINITE_RECURSION = YES;
				CLANG_WARN_INT_CONVERSION = YES;
				CLANG_WARN_NON_LITERAL_NULL_CONVERSION = YES;
				CLANG_WARN_OBJC_IMPLICIT_RETAIN_SELF = YES;
				CLANG_WARN_OBJC_LITERAL_CONVERSION = YES;
				CLANG_WARN_OBJC_ROOT_CLASS = YES_ERROR;
				CLANG_WARN_QUOTED_INCLUDE_IN_FRAMEWORK_HEADER = YES;
				CLANG_WARN_RANGE_LOOP_ANALYSIS = YES;
				CLANG_WARN_STRICT_PROTOTYPES = YES;
				CLANG_WARN_SUSPICIOUS_MOVE = YES;
				CLANG_WARN_UNGUARDED_AVAILABILITY = YES_AGGRESSIVE;
				CLANG_WARN_UNREACHABLE_CODE = YES;
				CLANG_WARN__DUPLICATE_METHOD_MATCH = YES;
				COPY_PHASE_STRIP = NO;
				DEBUG_INFORMATION_FORMAT = "dwarf-with-dsym";
				ENABLE_NS_ASSERTIONS = NO;
				ENABLE_STRICT_OBJC_MSGSEND = YES;
				GCC_C_LANGUAGE_STANDARD = gnu11;
				GCC_NO_COMMON_BLOCKS = YES;
				GCC_WARN_64_TO_32_BIT_CONVERSION = YES;
				GCC_WARN_ABOUT_RETURN_TYPE = YES_ERROR;
				GCC_WARN_UNDECLARED_SELECTOR = YES;
				GCC_WARN_UNINITIALIZED_AUTOS = YES_AGGRESSIVE;
				GCC_WARN_UNUSED_FUNCTION = YES;
				GCC_WARN_UNUSED_VARIABLE = YES;
				MTL_ENABLE_DEBUG_INFO = NO;
				MTL_FAST_MATH = YES;
				SWIFT_COMPILATION_MODE = wholemodule;
				SWIFT_OPTIMIZATION_LEVEL = "-O";
			};
			name = Release;
		};
		83B799432979BBC000A233FB /* Debug */ = {
			isa = XCBuildConfiguration;
			buildSettings = {
				ASSETCATALOG_COMPILER_APPICON_NAME = AppIcon;
				ASSETCATALOG_COMPILER_GLOBAL_ACCENT_COLOR_NAME = AccentColor;
				CODE_SIGN_ENTITLEMENTS = "MacroBarista Coffee Calculator/MacroBarista_Coffee_Calculator.entitlements";
				CODE_SIGN_STYLE = Automatic;
				CURRENT_PROJECT_VERSION = 1;
				DEVELOPMENT_ASSET_PATHS = "\"MacroBarista Coffee Calculator/Preview Content\"";
				ENABLE_PREVIEWS = YES;
				GENERATE_INFOPLIST_FILE = YES;
				"INFOPLIST_KEY_UIApplicationSceneManifest_Generation[sdk=iphoneos*]" = YES;
				"INFOPLIST_KEY_UIApplicationSceneManifest_Generation[sdk=iphonesimulator*]" = YES;
				"INFOPLIST_KEY_UIApplicationSupportsIndirectInputEvents[sdk=iphoneos*]" = YES;
				"INFOPLIST_KEY_UIApplicationSupportsIndirectInputEvents[sdk=iphonesimulator*]" = YES;
				"INFOPLIST_KEY_UILaunchScreen_Generation[sdk=iphoneos*]" = YES;
				"INFOPLIST_KEY_UILaunchScreen_Generation[sdk=iphonesimulator*]" = YES;
				"INFOPLIST_KEY_UIStatusBarStyle[sdk=iphoneos*]" = UIStatusBarStyleDefault;
				"INFOPLIST_KEY_UIStatusBarStyle[sdk=iphonesimulator*]" = UIStatusBarStyleDefault;
				INFOPLIST_KEY_UISupportedInterfaceOrientations_iPad = "UIInterfaceOrientationPortrait UIInterfaceOrientationPortraitUpsideDown UIInterfaceOrientationLandscapeLeft UIInterfaceOrientationLandscapeRight";
				INFOPLIST_KEY_UISupportedInterfaceOrientations_iPhone = "UIInterfaceOrientationPortrait UIInterfaceOrientationLandscapeLeft UIInterfaceOrientationLandscapeRight";
				IPHONEOS_DEPLOYMENT_TARGET = 16.2;
				LD_RUNPATH_SEARCH_PATHS = "@executable_path/Frameworks";
				"LD_RUNPATH_SEARCH_PATHS[sdk=macosx*]" = "@executable_path/../Frameworks";
				MACOSX_DEPLOYMENT_TARGET = 12.6;
				MARKETING_VERSION = 1.0;
				PRODUCT_BUNDLE_IDENTIFIER = "Alex-Mo.MacroBarista-Coffee-Calculator";
				PRODUCT_NAME = "$(TARGET_NAME)";
				SDKROOT = auto;
				SUPPORTED_PLATFORMS = "iphoneos iphonesimulator macosx";
				SWIFT_EMIT_LOC_STRINGS = YES;
				SWIFT_VERSION = 5.0;
				TARGETED_DEVICE_FAMILY = "1,2";
			};
			name = Debug;
		};
		83B799442979BBC000A233FB /* Release */ = {
			isa = XCBuildConfiguration;
			buildSettings = {
				ASSETCATALOG_COMPILER_APPICON_NAME = AppIcon;
				ASSETCATALOG_COMPILER_GLOBAL_ACCENT_COLOR_NAME = AccentColor;
				CODE_SIGN_ENTITLEMENTS = "MacroBarista Coffee Calculator/MacroBarista_Coffee_Calculator.entitlements";
				CODE_SIGN_STYLE = Automatic;
				CURRENT_PROJECT_VERSION = 1;
				DEVELOPMENT_ASSET_PATHS = "\"MacroBarista Coffee Calculator/Preview Content\"";
				ENABLE_PREVIEWS = YES;
				GENERATE_INFOPLIST_FILE = YES;
				"INFOPLIST_KEY_UIApplicationSceneManifest_Generation[sdk=iphoneos*]" = YES;
				"INFOPLIST_KEY_UIApplicationSceneManifest_Generation[sdk=iphonesimulator*]" = YES;
				"INFOPLIST_KEY_UIApplicationSupportsIndirectInputEvents[sdk=iphoneos*]" = YES;
				"INFOPLIST_KEY_UIApplicationSupportsIndirectInputEvents[sdk=iphonesimulator*]" = YES;
				"INFOPLIST_KEY_UILaunchScreen_Generation[sdk=iphoneos*]" = YES;
				"INFOPLIST_KEY_UILaunchScreen_Generation[sdk=iphonesimulator*]" = YES;
				"INFOPLIST_KEY_UIStatusBarStyle[sdk=iphoneos*]" = UIStatusBarStyleDefault;
				"INFOPLIST_KEY_UIStatusBarStyle[sdk=iphonesimulator*]" = UIStatusBarStyleDefault;
				INFOPLIST_KEY_UISupportedInterfaceOrientations_iPad = "UIInterfaceOrientationPortrait UIInterfaceOrientationPortraitUpsideDown UIInterfaceOrientationLandscapeLeft UIInterfaceOrientationLandscapeRight";
				INFOPLIST_KEY_UISupportedInterfaceOrientations_iPhone = "UIInterfaceOrientationPortrait UIInterfaceOrientationLandscapeLeft UIInterfaceOrientationLandscapeRight";
				IPHONEOS_DEPLOYMENT_TARGET = 16.2;
				LD_RUNPATH_SEARCH_PATHS = "@executable_path/Frameworks";
				"LD_RUNPATH_SEARCH_PATHS[sdk=macosx*]" = "@executable_path/../Frameworks";
				MACOSX_DEPLOYMENT_TARGET = 12.6;
				MARKETING_VERSION = 1.0;
				PRODUCT_BUNDLE_IDENTIFIER = "Alex-Mo.MacroBarista-Coffee-Calculator";
				PRODUCT_NAME = "$(TARGET_NAME)";
				SDKROOT = auto;
				SUPPORTED_PLATFORMS = "iphoneos iphonesimulator macosx";
				SWIFT_EMIT_LOC_STRINGS = YES;
				SWIFT_VERSION = 5.0;
				TARGETED_DEVICE_FAMILY = "1,2";
			};
			name = Release;
		};
		83B799462979BBC000A233FB /* Debug */ = {
			isa = XCBuildConfiguration;
			buildSettings = {
				ALWAYS_EMBED_SWIFT_STANDARD_LIBRARIES = YES;
				BUNDLE_LOADER = "$(TEST_HOST)";
				CODE_SIGN_STYLE = Automatic;
				CURRENT_PROJECT_VERSION = 1;
				GENERATE_INFOPLIST_FILE = YES;
				IPHONEOS_DEPLOYMENT_TARGET = 16.2;
				MACOSX_DEPLOYMENT_TARGET = 12.6;
				MARKETING_VERSION = 1.0;
				PRODUCT_BUNDLE_IDENTIFIER = "Alex-Mo.MacroBarista-Coffee-CalculatorTests";
				PRODUCT_NAME = "$(TARGET_NAME)";
				SDKROOT = auto;
				SUPPORTED_PLATFORMS = "iphoneos iphonesimulator macosx";
				SWIFT_EMIT_LOC_STRINGS = NO;
				SWIFT_VERSION = 5.0;
				TARGETED_DEVICE_FAMILY = "1,2";
				TEST_HOST = "$(BUILT_PRODUCTS_DIR)/MacroBarista Coffee Calculator.app/$(BUNDLE_EXECUTABLE_FOLDER_PATH)/MacroBarista Coffee Calculator";
			};
			name = Debug;
		};
		83B799472979BBC000A233FB /* Release */ = {
			isa = XCBuildConfiguration;
			buildSettings = {
				ALWAYS_EMBED_SWIFT_STANDARD_LIBRARIES = YES;
				BUNDLE_LOADER = "$(TEST_HOST)";
				CODE_SIGN_STYLE = Automatic;
				CURRENT_PROJECT_VERSION = 1;
				GENERATE_INFOPLIST_FILE = YES;
				IPHONEOS_DEPLOYMENT_TARGET = 16.2;
				MACOSX_DEPLOYMENT_TARGET = 12.6;
				MARKETING_VERSION = 1.0;
				PRODUCT_BUNDLE_IDENTIFIER = "Alex-Mo.MacroBarista-Coffee-CalculatorTests";
				PRODUCT_NAME = "$(TARGET_NAME)";
				SDKROOT = auto;
				SUPPORTED_PLATFORMS = "iphoneos iphonesimulator macosx";
				SWIFT_EMIT_LOC_STRINGS = NO;
				SWIFT_VERSION = 5.0;
				TARGETED_DEVICE_FAMILY = "1,2";
				TEST_HOST = "$(BUILT_PRODUCTS_DIR)/MacroBarista Coffee Calculator.app/$(BUNDLE_EXECUTABLE_FOLDER_PATH)/MacroBarista Coffee Calculator";
			};
			name = Release;
		};
		83B799492979BBC000A233FB /* Debug */ = {
			isa = XCBuildConfiguration;
			buildSettings = {
				ALWAYS_EMBED_SWIFT_STANDARD_LIBRARIES = YES;
				CODE_SIGN_STYLE = Automatic;
				CURRENT_PROJECT_VERSION = 1;
				GENERATE_INFOPLIST_FILE = YES;
				IPHONEOS_DEPLOYMENT_TARGET = 16.2;
				MACOSX_DEPLOYMENT_TARGET = 12.6;
				MARKETING_VERSION = 1.0;
				PRODUCT_BUNDLE_IDENTIFIER = "Alex-Mo.MacroBarista-Coffee-CalculatorUITests";
				PRODUCT_NAME = "$(TARGET_NAME)";
				SDKROOT = auto;
				SUPPORTED_PLATFORMS = "iphoneos iphonesimulator macosx";
				SWIFT_EMIT_LOC_STRINGS = NO;
				SWIFT_VERSION = 5.0;
				TARGETED_DEVICE_FAMILY = "1,2";
				TEST_TARGET_NAME = "MacroBarista Coffee Calculator";
			};
			name = Debug;
		};
		83B7994A2979BBC000A233FB /* Release */ = {
			isa = XCBuildConfiguration;
			buildSettings = {
				ALWAYS_EMBED_SWIFT_STANDARD_LIBRARIES = YES;
				CODE_SIGN_STYLE = Automatic;
				CURRENT_PROJECT_VERSION = 1;
				GENERATE_INFOPLIST_FILE = YES;
				IPHONEOS_DEPLOYMENT_TARGET = 16.2;
				MACOSX_DEPLOYMENT_TARGET = 12.6;
				MARKETING_VERSION = 1.0;
				PRODUCT_BUNDLE_IDENTIFIER = "Alex-Mo.MacroBarista-Coffee-CalculatorUITests";
				PRODUCT_NAME = "$(TARGET_NAME)";
				SDKROOT = auto;
				SUPPORTED_PLATFORMS = "iphoneos iphonesimulator macosx";
				SWIFT_EMIT_LOC_STRINGS = NO;
				SWIFT_VERSION = 5.0;
				TARGETED_DEVICE_FAMILY = "1,2";
				TEST_TARGET_NAME = "MacroBarista Coffee Calculator";
			};
			name = Release;
		};
/* End XCBuildConfiguration section */

/* Begin XCConfigurationList section */
		83B799182979BBB800A233FB /* Build configuration list for PBXProject "MacroBarista Coffee Calculator" */ = {
			isa = XCConfigurationList;
			buildConfigurations = (
				83B799402979BBC000A233FB /* Debug */,
				83B799412979BBC000A233FB /* Release */,
			);
			defaultConfigurationIsVisible = 0;
			defaultConfigurationName = Release;
		};
		83B799422979BBC000A233FB /* Build configuration list for PBXNativeTarget "MacroBarista Coffee Calculator" */ = {
			isa = XCConfigurationList;
			buildConfigurations = (
				83B799432979BBC000A233FB /* Debug */,
				83B799442979BBC000A233FB /* Release */,
			);
			defaultConfigurationIsVisible = 0;
			defaultConfigurationName = Release;
		};
		83B799452979BBC000A233FB /* Build configuration list for PBXNativeTarget "MacroBarista Coffee CalculatorTests" */ = {
			isa = XCConfigurationList;
			buildConfigurations = (
				83B799462979BBC000A233FB /* Debug */,
				83B799472979BBC000A233FB /* Release */,
			);
			defaultConfigurationIsVisible = 0;
			defaultConfigurationName = Release;
		};
		83B799482979BBC000A233FB /* Build configuration list for PBXNativeTarget "MacroBarista Coffee CalculatorUITests" */ = {
			isa = XCConfigurationList;
			buildConfigurations = (
				83B799492979BBC000A233FB /* Debug */,
				83B7994A2979BBC000A233FB /* Release */,
			);
			defaultConfigurationIsVisible = 0;
			defaultConfigurationName = Release;
		};
/* End XCConfigurationList section */

/* Begin XCRemoteSwiftPackageReference section */
		837A5F62297DA6F2000238D3 /* XCRemoteSwiftPackageReference "firebase-ios-sdk" */ = {
			isa = XCRemoteSwiftPackageReference;
			repositoryURL = "https://github.com/firebase/firebase-ios-sdk";
			requirement = {
				kind = upToNextMajorVersion;
				minimumVersion = 9.0.0;
			};
		};
/* End XCRemoteSwiftPackageReference section */

/* Begin XCSwiftPackageProductDependency section */
		837A5F63297DA6F2000238D3 /* FirebaseAnalyticsSwift */ = {
			isa = XCSwiftPackageProductDependency;
			package = 837A5F62297DA6F2000238D3 /* XCRemoteSwiftPackageReference "firebase-ios-sdk" */;
			productName = FirebaseAnalyticsSwift;
		};
		837A5F65297DA6F2000238D3 /* FirebaseAppCheck */ = {
			isa = XCSwiftPackageProductDependency;
			package = 837A5F62297DA6F2000238D3 /* XCRemoteSwiftPackageReference "firebase-ios-sdk" */;
			productName = FirebaseAppCheck;
		};
		837A5F67297DA6F2000238D3 /* FirebaseAuth */ = {
			isa = XCSwiftPackageProductDependency;
			package = 837A5F62297DA6F2000238D3 /* XCRemoteSwiftPackageReference "firebase-ios-sdk" */;
			productName = FirebaseAuth;
		};
		837A5F69297DA6F2000238D3 /* FirebaseDatabaseSwift */ = {
			isa = XCSwiftPackageProductDependency;
			package = 837A5F62297DA6F2000238D3 /* XCRemoteSwiftPackageReference "firebase-ios-sdk" */;
			productName = FirebaseDatabaseSwift;
		};
		837A5F6B297DA6F2000238D3 /* FirebaseFunctions */ = {
			isa = XCSwiftPackageProductDependency;
			package = 837A5F62297DA6F2000238D3 /* XCRemoteSwiftPackageReference "firebase-ios-sdk" */;
			productName = FirebaseFunctions;
		};
		837A5F6D297DA6F2000238D3 /* FirebaseStorage */ = {
			isa = XCSwiftPackageProductDependency;
			package = 837A5F62297DA6F2000238D3 /* XCRemoteSwiftPackageReference "firebase-ios-sdk" */;
			productName = FirebaseStorage;
		};
/* End XCSwiftPackageProductDependency section */
	};
	rootObject = 83B799152979BBB800A233FB /* Project object */;
}
