// !$*UTF8*$!
{
	archiveVersion = 1;
	classes = {
	};
	objectVersion = 56;
	objects = {

/* Begin PBXBuildFile section */
		8330B9192980FAAB000CAC04 /* TextBoxView.swift in Sources */ = {isa = PBXBuildFile; fileRef = 8330B9182980FAAB000CAC04 /* TextBoxView.swift */; };
		8330B91B29819353000CAC04 /* PasswordBoxView.swift in Sources */ = {isa = PBXBuildFile; fileRef = 8330B91A29819353000CAC04 /* PasswordBoxView.swift */; };
		8330B91D2981975C000CAC04 /* ForgotPasswordView.swift in Sources */ = {isa = PBXBuildFile; fileRef = 8330B91C2981975C000CAC04 /* ForgotPasswordView.swift */; };
		8330B9212982C750000CAC04 /* CloseMod.swift in Sources */ = {isa = PBXBuildFile; fileRef = 8330B9202982C750000CAC04 /* CloseMod.swift */; };
		8372147C297F91060040F2E9 /* GoogleService-Info.plist in Resources */ = {isa = PBXBuildFile; fileRef = 8372147B297F91050040F2E9 /* GoogleService-Info.plist */; };
		837A5F5B297A09C7000238D3 /* Content-View.swift in Sources */ = {isa = PBXBuildFile; fileRef = 837A5F5A297A09C7000238D3 /* Content-View.swift */; };
		837A5F64297DA6F2000238D3 /* FirebaseAnalyticsSwift in Frameworks */ = {isa = PBXBuildFile; productRef = 837A5F63297DA6F2000238D3 /* FirebaseAnalyticsSwift */; };
		837A5F66297DA6F2000238D3 /* FirebaseAppCheck in Frameworks */ = {isa = PBXBuildFile; productRef = 837A5F65297DA6F2000238D3 /* FirebaseAppCheck */; };
		837A5F68297DA6F2000238D3 /* FirebaseAuth in Frameworks */ = {isa = PBXBuildFile; productRef = 837A5F67297DA6F2000238D3 /* FirebaseAuth */; };
		837A5F6A297DA6F2000238D3 /* FirebaseDatabaseSwift in Frameworks */ = {isa = PBXBuildFile; productRef = 837A5F69297DA6F2000238D3 /* FirebaseDatabaseSwift */; };
		837A5F6C297DA6F2000238D3 /* FirebaseFunctions in Frameworks */ = {isa = PBXBuildFile; productRef = 837A5F6B297DA6F2000238D3 /* FirebaseFunctions */; };
		837A5F6E297DA6F2000238D3 /* FirebaseStorage in Frameworks */ = {isa = PBXBuildFile; productRef = 837A5F6D297DA6F2000238D3 /* FirebaseStorage */; };
		837A5F71297DD233000238D3 /* CreateAccountView.swift in Sources */ = {isa = PBXBuildFile; fileRef = 837A5F70297DD233000238D3 /* CreateAccountView.swift */; };
		837A5F72297DD233000238D3 /* CreateAccountView.swift in Sources */ = {isa = PBXBuildFile; fileRef = 837A5F70297DD233000238D3 /* CreateAccountView.swift */; };
		837A5F73297DD233000238D3 /* CreateAccountView.swift in Sources */ = {isa = PBXBuildFile; fileRef = 837A5F70297DD233000238D3 /* CreateAccountView.swift */; };
		837A5F75297DDA84000238D3 /* CreateAccountController.swift in Sources */ = {isa = PBXBuildFile; fileRef = 837A5F74297DDA84000238D3 /* CreateAccountController.swift */; };
		83B799212979BBB800A233FB /* MacroBarista_Coffee_CalculatorApp.swift in Sources */ = {isa = PBXBuildFile; fileRef = 83B799202979BBB800A233FB /* MacroBarista_Coffee_CalculatorApp.swift */; };
		83B799232979BBB800A233FB /* ContentView.swift in Sources */ = {isa = PBXBuildFile; fileRef = 83B799222979BBB800A233FB /* ContentView.swift */; };
		83B799252979BBBF00A233FB /* Assets.xcassets in Resources */ = {isa = PBXBuildFile; fileRef = 83B799242979BBBF00A233FB /* Assets.xcassets */; };
		83B799292979BBBF00A233FB /* Preview Assets.xcassets in Resources */ = {isa = PBXBuildFile; fileRef = 83B799282979BBBF00A233FB /* Preview Assets.xcassets */; };
		83B799332979BBC000A233FB /* MacroBarista_Coffee_CalculatorTests.swift in Sources */ = {isa = PBXBuildFile; fileRef = 83B799322979BBC000A233FB /* MacroBarista_Coffee_CalculatorTests.swift */; };
		83B7993D2979BBC000A233FB /* MacroBarista_Coffee_CalculatorUITests.swift in Sources */ = {isa = PBXBuildFile; fileRef = 83B7993C2979BBC000A233FB /* MacroBarista_Coffee_CalculatorUITests.swift */; };
		83B7993F2979BBC000A233FB /* MacroBarista_Coffee_CalculatorUITestsLaunchTests.swift in Sources */ = {isa = PBXBuildFile; fileRef = 83B7993E2979BBC000A233FB /* MacroBarista_Coffee_CalculatorUITestsLaunchTests.swift */; };
/* End PBXBuildFile section */

/* Begin PBXContainerItemProxy section */
		83B7992F2979BBC000A233FB /* PBXContainerItemProxy */ = {
			isa = PBXContainerItemProxy;
			containerPortal = 83B799152979BBB800A233FB /* Project object */;
			proxyType = 1;
			remoteGlobalIDString = 83B7991C2979BBB800A233FB;
			remoteInfo = "MacroBarista Coffee Calculator";
		};
		83B799392979BBC000A233FB /* PBXContainerItemProxy */ = {
			isa = PBXContainerItemProxy;
			containerPortal = 83B799152979BBB800A233FB /* Project object */;
			proxyType = 1;
			remoteGlobalIDString = 83B7991C2979BBB800A233FB;
			remoteInfo = "MacroBarista Coffee Calculator";
		};
/* End PBXContainerItemProxy section */

/* Begin PBXFileReference section */
		8330B9182980FAAB000CAC04 /* TextBoxView.swift */ = {isa = PBXFileReference; lastKnownFileType = sourcecode.swift; path = TextBoxView.swift; sourceTree = "<group>"; };
		8330B91A29819353000CAC04 /* PasswordBoxView.swift */ = {isa = PBXFileReference; lastKnownFileType = sourcecode.swift; path = PasswordBoxView.swift; sourceTree = "<group>"; };
		8330B91C2981975C000CAC04 /* ForgotPasswordView.swift */ = {isa = PBXFileReference; lastKnownFileType = sourcecode.swift; path = ForgotPasswordView.swift; sourceTree = "<group>"; };
		8330B9202982C750000CAC04 /* CloseMod.swift */ = {isa = PBXFileReference; lastKnownFileType = sourcecode.swift; path = CloseMod.swift; sourceTree = "<group>"; };
		8372147B297F91050040F2E9 /* GoogleService-Info.plist */ = {isa = PBXFileReference; fileEncoding = 4; lastKnownFileType = text.plist.xml; name = "GoogleService-Info.plist"; path = "../../../Downloads/GoogleService-Info.plist"; sourceTree = "<group>"; };
		8372147D297F910D0040F2E9 /* GoogleService-Info.plist */ = {isa = PBXFileReference; lastKnownFileType = text.plist.xml; path = "GoogleService-Info.plist"; sourceTree = "<group>"; };
		837A5F5A297A09C7000238D3 /* Content-View.swift */ = {isa = PBXFileReference; lastKnownFileType = sourcecode.swift; path = "Content-View.swift"; sourceTree = "<group>"; };
		837A5F70297DD233000238D3 /* CreateAccountView.swift */ = {isa = PBXFileReference; lastKnownFileType = sourcecode.swift; path = CreateAccountView.swift; sourceTree = "<group>"; };
		837A5F74297DDA84000238D3 /* CreateAccountController.swift */ = {isa = PBXFileReference; lastKnownFileType = sourcecode.swift; path = CreateAccountController.swift; sourceTree = "<group>"; };
		83B7991D2979BBB800A233FB /* MacroBarista Coffee Calculator.app */ = {isa = PBXFileReference; explicitFileType = wrapper.application; includeInIndex = 0; path = "MacroBarista Coffee Calculator.app"; sourceTree = BUILT_PRODUCTS_DIR; };
		83B799202979BBB800A233FB /* MacroBarista_Coffee_CalculatorApp.swift */ = {isa = PBXFileReference; lastKnownFileType = sourcecode.swift; path = MacroBarista_Coffee_CalculatorApp.swift; sourceTree = "<group>"; };
		83B799222979BBB800A233FB /* ContentView.swift */ = {isa = PBXFileReference; lastKnownFileType = sourcecode.swift; path = ContentView.swift; sourceTree = "<group>"; };
		83B799242979BBBF00A233FB /* Assets.xcassets */ = {isa = PBXFileReference; lastKnownFileType = folder.assetcatalog; path = Assets.xcassets; sourceTree = "<group>"; };
		83B799262979BBBF00A233FB /* MacroBarista_Coffee_Calculator.entitlements */ = {isa = PBXFileReference; lastKnownFileType = text.plist.entitlements; path = MacroBarista_Coffee_Calculator.entitlements; sourceTree = "<group>"; };
		83B799282979BBBF00A233FB /* Preview Assets.xcassets */ = {isa = PBXFileReference; lastKnownFileType = folder.assetcatalog; path = "Preview Assets.xcassets"; sourceTree = "<group>"; };
		83B7992E2979BBC000A233FB /* MacroBarista Coffee CalculatorTests.xctest */ = {isa = PBXFileReference; explicitFileType = wrapper.cfbundle; includeInIndex = 0; path = "MacroBarista Coffee CalculatorTests.xctest"; sourceTree = BUILT_PRODUCTS_DIR; };
		83B799322979BBC000A233FB /* MacroBarista_Coffee_CalculatorTests.swift */ = {isa = PBXFileReference; lastKnownFileType = sourcecode.swift; path = MacroBarista_Coffee_CalculatorTests.swift; sourceTree = "<group>"; };
		83B799382979BBC000A233FB /* MacroBarista Coffee CalculatorUITests.xctest */ = {isa = PBXFileReference; explicitFileType = wrapper.cfbundle; includeInIndex = 0; path = "MacroBarista Coffee CalculatorUITests.xctest"; sourceTree = BUILT_PRODUCTS_DIR; };
		83B7993C2979BBC000A233FB /* MacroBarista_Coffee_CalculatorUITests.swift */ = {isa = PBXFileReference; lastKnownFileType = sourcecode.swift; path = MacroBarista_Coffee_CalculatorUITests.swift; sourceTree = "<group>"; };
		83B7993E2979BBC000A233FB /* MacroBarista_Coffee_CalculatorUITestsLaunchTests.swift */ = {isa = PBXFileReference; lastKnownFileType = sourcecode.swift; path = MacroBarista_Coffee_CalculatorUITestsLaunchTests.swift; sourceTree = "<group>"; };
/* End PBXFileReference section */

/* Begin PBXFrameworksBuildPhase section */
		83B7991A2979BBB800A233FB /* Frameworks */ = {
			isa = PBXFrameworksBuildPhase;
			buildActionMask = 2147483647;
			files = (
				837A5F6A297DA6F2000238D3 /* FirebaseDatabaseSwift in Frameworks */,
				837A5F66297DA6F2000238D3 /* FirebaseAppCheck in Frameworks */,
				837A5F6C297DA6F2000238D3 /* FirebaseFunctions in Frameworks */,
				837A5F68297DA6F2000238D3 /* FirebaseAuth in Frameworks */,
				837A5F64297DA6F2000238D3 /* FirebaseAnalyticsSwift in Frameworks */,
				837A5F6E297DA6F2000238D3 /* FirebaseStorage in Frameworks */,
			);
			runOnlyForDeploymentPostprocessing = 0;
		};
		83B7992B2979BBC000A233FB /* Frameworks */ = {
			isa = PBXFrameworksBuildPhase;
			buildActionMask = 2147483647;
			files = (
			);
			runOnlyForDeploymentPostprocessing = 0;
		};
		83B799352979BBC000A233FB /* Frameworks */ = {
			isa = PBXFrameworksBuildPhase;
			buildActionMask = 2147483647;
			files = (
			);
			runOnlyForDeploymentPostprocessing = 0;
		};
/* End PBXFrameworksBuildPhase section */

/* Begin PBXGroup section */
		837A5F6F297DD0E1000238D3 /* Views */ = {
			isa = PBXGroup;
			children = (
				83B799222979BBB800A233FB /* ContentView.swift */,
				837A5F70297DD233000238D3 /* CreateAccountView.swift */,
				8330B91C2981975C000CAC04 /* ForgotPasswordView.swift */,
				8330B9182980FAAB000CAC04 /* TextBoxView.swift */,
				8330B91A29819353000CAC04 /* PasswordBoxView.swift */,
				8330B9202982C750000CAC04 /* CloseMod.swift */,
			);
			path = Views;
			sourceTree = "<group>";
		};
		83B799142979BBB800A233FB = {
			isa = PBXGroup;
			children = (
				8372147D297F910D0040F2E9 /* GoogleService-Info.plist */,
				83B7991F2979BBB800A233FB /* MacroBarista Coffee Calculator */,
				83B799312979BBC000A233FB /* MacroBarista Coffee CalculatorTests */,
				83B7993B2979BBC000A233FB /* MacroBarista Coffee CalculatorUITests */,
				83B7991E2979BBB800A233FB /* Products */,
			);
			sourceTree = "<group>";
		};
		83B7991E2979BBB800A233FB /* Products */ = {
			isa = PBXGroup;
			children = (
				83B7991D2979BBB800A233FB /* MacroBarista Coffee Calculator.app */,
				83B7992E2979BBC000A233FB /* MacroBarista Coffee CalculatorTests.xctest */,
				83B799382979BBC000A233FB /* MacroBarista Coffee CalculatorUITests.xctest */,
			);
			name = Products;
			sourceTree = "<group>";
		};
		83B7991F2979BBB800A233FB /* MacroBarista Coffee Calculator */ = {
			isa = PBXGroup;
			children = (
				83B799202979BBB800A233FB /* MacroBarista_Coffee_CalculatorApp.swift */,
				837A5F5A297A09C7000238D3 /* Content-View.swift */,
				837A5F74297DDA84000238D3 /* CreateAccountController.swift */,
				837A5F6F297DD0E1000238D3 /* Views */,
				83B799242979BBBF00A233FB /* Assets.xcassets */,
				83B799262979BBBF00A233FB /* MacroBarista_Coffee_Calculator.entitlements */,
				8372147B297F91050040F2E9 /* GoogleService-Info.plist */,
				83B799272979BBBF00A233FB /* Preview Content */,
			);
			path = "MacroBarista Coffee Calculator";
			sourceTree = "<group>";
		};
		83B799272979BBBF00A233FB /* Preview Content */ = {
			isa = PBXGroup;
			children = (
				83B799282979BBBF00A233FB /* Preview Assets.xcassets */,
			);
			path = "Preview Content";
			sourceTree = "<group>";
		};
		83B799312979BBC000A233FB /* MacroBarista Coffee CalculatorTests */ = {
			isa = PBXGroup;
			children = (
				83B799322979BBC000A233FB /* MacroBarista_Coffee_CalculatorTests.swift */,
			);
			path = "MacroBarista Coffee CalculatorTests";
			sourceTree = "<group>";
		};
		83B7993B2979BBC000A233FB /* MacroBarista Coffee CalculatorUITests */ = {
			isa = PBXGroup;
			children = (
				83B7993C2979BBC000A233FB /* MacroBarista_Coffee_CalculatorUITests.swift */,
				83B7993E2979BBC000A233FB /* MacroBarista_Coffee_CalculatorUITestsLaunchTests.swift */,
			);
			path = "MacroBarista Coffee CalculatorUITests";
			sourceTree = "<group>";
		};
/* End PBXGroup section */

/* Begin PBXNativeTarget section */
		83B7991C2979BBB800A233FB /* MacroBarista Coffee Calculator */ = {
			isa = PBXNativeTarget;
			buildConfigurationList = 83B799422979BBC000A233FB /* Build configuration list for PBXNativeTarget "MacroBarista Coffee Calculator" */;
			buildPhases = (
				83B799192979BBB800A233FB /* Sources */,
				83B7991A2979BBB800A233FB /* Frameworks */,
				83B7991B2979BBB800A233FB /* Resources */,
			);
			buildRules = (
			);
			dependencies = (
			);
			name = "MacroBarista Coffee Calculator";
			packageProductDependencies = (
				837A5F63297DA6F2000238D3 /* FirebaseAnalyticsSwift */,
				837A5F65297DA6F2000238D3 /* FirebaseAppCheck */,
				837A5F67297DA6F2000238D3 /* FirebaseAuth */,
				837A5F69297DA6F2000238D3 /* FirebaseDatabaseSwift */,
				837A5F6B297DA6F2000238D3 /* FirebaseFunctions */,
				837A5F6D297DA6F2000238D3 /* FirebaseStorage */,
			);
			productName = "MacroBarista Coffee Calculator";
			productReference = 83B7991D2979BBB800A233FB /* MacroBarista Coffee Calculator.app */;
			productType = "com.apple.product-type.application";
		};
		83B7992D2979BBC000A233FB /* MacroBarista Coffee CalculatorTests */ = {
			isa = PBXNativeTarget;
			buildConfigurationList = 83B799452979BBC000A233FB /* Build configuration list for PBXNativeTarget "MacroBarista Coffee CalculatorTests" */;
			buildPhases = (
				83B7992A2979BBC000A233FB /* Sources */,
				83B7992B2979BBC000A233FB /* Frameworks */,
				83B7992C2979BBC000A233FB /* Resources */,
			);
			buildRules = (
			);
			dependencies = (
				83B799302979BBC000A233FB /* PBXTargetDependency */,
			);
			name = "MacroBarista Coffee CalculatorTests";
			productName = "MacroBarista Coffee CalculatorTests";
			productReference = 83B7992E2979BBC000A233FB /* MacroBarista Coffee CalculatorTests.xctest */;
			productType = "com.apple.product-type.bundle.unit-test";
		};
		83B799372979BBC000A233FB /* MacroBarista Coffee CalculatorUITests */ = {
			isa = PBXNativeTarget;
			buildConfigurationList = 83B799482979BBC000A233FB /* Build configuration list for PBXNativeTarget "MacroBarista Coffee CalculatorUITests" */;
			buildPhases = (
				83B799342979BBC000A233FB /* Sources */,
				83B799352979BBC000A233FB /* Frameworks */,
				83B799362979BBC000A233FB /* Resources */,
			);
			buildRules = (
			);
			dependencies = (
				83B7993A2979BBC000A233FB /* PBXTargetDependency */,
			);
			name = "MacroBarista Coffee CalculatorUITests";
			productName = "MacroBarista Coffee CalculatorUITests";
			productReference = 83B799382979BBC000A233FB /* MacroBarista Coffee CalculatorUITests.xctest */;
			productType = "com.apple.product-type.bundle.ui-testing";
		};
/* End PBXNativeTarget section */

/* Begin PBXProject section */
		83B799152979BBB800A233FB /* Project object */ = {
			isa = PBXProject;
			attributes = {
				BuildIndependentTargetsInParallel = 1;
				LastSwiftUpdateCheck = 1420;
				LastUpgradeCheck = 1420;
				TargetAttributes = {
					83B7991C2979BBB800A233FB = {
						CreatedOnToolsVersion = 14.2;
					};
					83B7992D2979BBC000A233FB = {
						CreatedOnToolsVersion = 14.2;
						TestTargetID = 83B7991C2979BBB800A233FB;
					};
					83B799372979BBC000A233FB = {
						CreatedOnToolsVersion = 14.2;
						TestTargetID = 83B7991C2979BBB800A233FB;
					};
				};
			};
			buildConfigurationList = 83B799182979BBB800A233FB /* Build configuration list for PBXProject "MacroBarista Coffee Calculator" */;
			compatibilityVersion = "Xcode 14.0";
			developmentRegion = en;
			hasScannedForEncodings = 0;
			knownRegions = (
				en,
				Base,
			);
			mainGroup = 83B799142979BBB800A233FB;
			packageReferences = (
				837A5F62297DA6F2000238D3 /* XCRemoteSwiftPackageReference "firebase-ios-sdk" */,
			);
			productRefGroup = 83B7991E2979BBB800A233FB /* Products */;
			projectDirPath = "";
			projectRoot = "";
			targets = (
				83B7991C2979BBB800A233FB /* MacroBarista Coffee Calculator */,
				83B7992D2979BBC000A233FB /* MacroBarista Coffee CalculatorTests */,
				83B799372979BBC000A233FB /* MacroBarista Coffee CalculatorUITests */,
			);
		};
/* End PBXProject section */

/* Begin PBXResourcesBuildPhase section */
		83B7991B2979BBB800A233FB /* Resources */ = {
			isa = PBXResourcesBuildPhase;
			buildActionMask = 2147483647;
			files = (
				83B799292979BBBF00A233FB /* Preview Assets.xcassets in Resources */,
				83B799252979BBBF00A233FB /* Assets.xcassets in Resources */,
				8372147C297F91060040F2E9 /* GoogleService-Info.plist in Resources */,
			);
			runOnlyForDeploymentPostprocessing = 0;
		};
		83B7992C2979BBC000A233FB /* Resources */ = {
			isa = PBXResourcesBuildPhase;
			buildActionMask = 2147483647;
			files = (
			);
			runOnlyForDeploymentPostprocessing = 0;
		};
		83B799362979BBC000A233FB /* Resources */ = {
			isa = PBXResourcesBuildPhase;
			buildActionMask = 2147483647;
			files = (
			);
			runOnlyForDeploymentPostprocessing = 0;
		};
/* End PBXResourcesBuildPhase section */

/* Begin PBXSourcesBuildPhase section */
		83B799192979BBB800A233FB /* Sources */ = {
			isa = PBXSourcesBuildPhase;
			buildActionMask = 2147483647;
			files = (
				83B799232979BBB800A233FB /* ContentView.swift in Sources */,
				837A5F5B297A09C7000238D3 /* Content-View.swift in Sources */,
				8330B91D2981975C000CAC04 /* ForgotPasswordView.swift in Sources */,
				83B799212979BBB800A233FB /* MacroBarista_Coffee_CalculatorApp.swift in Sources */,
				837A5F71297DD233000238D3 /* CreateAccountView.swift in Sources */,
				837A5F75297DDA84000238D3 /* CreateAccountController.swift in Sources */,
				8330B9192980FAAB000CAC04 /* TextBoxView.swift in Sources */,
				8330B9212982C750000CAC04 /* CloseMod.swift in Sources */,
				8330B91B29819353000CAC04 /* PasswordBoxView.swift in Sources */,
			);
			runOnlyForDeploymentPostprocessing = 0;
		};
		83B7992A2979BBC000A233FB /* Sources */ = {
			isa = PBXSourcesBuildPhase;
			buildActionMask = 2147483647;
			files = (
				83B799332979BBC000A233FB /* MacroBarista_Coffee_CalculatorTests.swift in Sources */,
				837A5F72297DD233000238D3 /* CreateAccountView.swift in Sources */,
			);
			runOnlyForDeploymentPostprocessing = 0;
		};
		83B799342979BBC000A233FB /* Sources */ = {
			isa = PBXSourcesBuildPhase;
			buildActionMask = 2147483647;
			files = (
				83B7993F2979BBC000A233FB /* MacroBarista_Coffee_CalculatorUITestsLaunchTests.swift in Sources */,
				837A5F73297DD233000238D3 /* CreateAccountView.swift in Sources */,
				83B7993D2979BBC000A233FB /* MacroBarista_Coffee_CalculatorUITests.swift in Sources */,
			);
			runOnlyForDeploymentPostprocessing = 0;
		};
/* End PBXSourcesBuildPhase section */

/* Begin PBXTargetDependency section */
		83B799302979BBC000A233FB /* PBXTargetDependency */ = {
			isa = PBXTargetDependency;
			target = 83B7991C2979BBB800A233FB /* MacroBarista Coffee Calculator */;
			targetProxy = 83B7992F2979BBC000A233FB /* PBXContainerItemProxy */;
		};
		83B7993A2979BBC000A233FB /* PBXTargetDependency */ = {
			isa = PBXTargetDependency;
			target = 83B7991C2979BBB800A233FB /* MacroBarista Coffee Calculator */;
			targetProxy = 83B799392979BBC000A233FB /* PBXContainerItemProxy */;
		};
/* End PBXTargetDependency section */

/* Begin XCBuildConfiguration section */
		83B799402979BBC000A233FB /* Debug */ = {
			isa = XCBuildConfiguration;
			buildSettings = {
				ALWAYS_SEARCH_USER_PATHS = NO;
				CLANG_ANALYZER_NONNULL = YES;
				CLANG_ANALYZER_NUMBER_OBJECT_CONVERSION = YES_AGGRESSIVE;
				CLANG_CXX_LANGUAGE_STANDARD = "gnu++20";
				CLANG_ENABLE_MODULES = YES;
				CLANG_ENABLE_OBJC_ARC = YES;
				CLANG_ENABLE_OBJC_WEAK = YES;
				CLANG_WARN_BLOCK_CAPTURE_AUTORELEASING = YES;
				CLANG_WARN_BOOL_CONVERSION = YES;
				CLANG_WARN_COMMA = YES;
				CLANG_WARN_CONSTANT_CONVERSION = YES;
				CLANG_WARN_DEPRECATED_OBJC_IMPLEMENTATIONS = YES;
				CLANG_WARN_DIRECT_OBJC_ISA_USAGE = YES_ERROR;
				CLANG_WARN_DOCUMENTATION_COMMENTS = YES;
				CLANG_WARN_EMPTY_BODY = YES;
				CLANG_WARN_ENUM_CONVERSION = YES;
				CLANG_WARN_INFINITE_RECURSION = YES;
				CLANG_WARN_INT_CONVERSION = YES;
				CLANG_WARN_NON_LITERAL_NULL_CONVERSION = YES;
				CLANG_WARN_OBJC_IMPLICIT_RETAIN_SELF = YES;
				CLANG_WARN_OBJC_LITERAL_CONVERSION = YES;
				CLANG_WARN_OBJC_ROOT_CLASS = YES_ERROR;
				CLANG_WARN_QUOTED_INCLUDE_IN_FRAMEWORK_HEADER = YES;
				CLANG_WARN_RANGE_LOOP_ANALYSIS = YES;
				CLANG_WARN_STRICT_PROTOTYPES = YES;
				CLANG_WARN_SUSPICIOUS_MOVE = YES;
				CLANG_WARN_UNGUARDED_AVAILABILITY = YES_AGGRESSIVE;
				CLANG_WARN_UNREACHABLE_CODE = YES;
				CLANG_WARN__DUPLICATE_METHOD_MATCH = YES;
				COPY_PHASE_STRIP = NO;
				DEBUG_INFORMATION_FORMAT = dwarf;
				ENABLE_STRICT_OBJC_MSGSEND = YES;
				ENABLE_TESTABILITY = YES;
				GCC_C_LANGUAGE_STANDARD = gnu11;
				GCC_DYNAMIC_NO_PIC = NO;
				GCC_NO_COMMON_BLOCKS = YES;
				GCC_OPTIMIZATION_LEVEL = 0;
				GCC_PREPROCESSOR_DEFINITIONS = (
					"DEBUG=1",
					"$(inherited)",
				);
				GCC_WARN_64_TO_32_BIT_CONVERSION = YES;
				GCC_WARN_ABOUT_RETURN_TYPE = YES_ERROR;
				GCC_WARN_UNDECLARED_SELECTOR = YES;
				GCC_WARN_UNINITIALIZED_AUTOS = YES_AGGRESSIVE;
				GCC_WARN_UNUSED_FUNCTION = YES;
				GCC_WARN_UNUSED_VARIABLE = YES;
				MTL_ENABLE_DEBUG_INFO = INCLUDE_SOURCE;
				MTL_FAST_MATH = YES;
				ONLY_ACTIVE_ARCH = YES;
				SWIFT_ACTIVE_COMPILATION_CONDITIONS = DEBUG;
				SWIFT_OPTIMIZATION_LEVEL = "-Onone";
			};
			name = Debug;
		};
		83B799412979BBC000A233FB /* Release */ = {
			isa = XCBuildConfiguration;
			buildSettings = {
				ALWAYS_SEARCH_USER_PATHS = NO;
				CLANG_ANALYZER_NONNULL = YES;
				CLANG_ANALYZER_NUMBER_OBJECT_CONVERSION = YES_AGGRESSIVE;
				CLANG_CXX_LANGUAGE_STANDARD = "gnu++20";
				CLANG_ENABLE_MODULES = YES;
				CLANG_ENABLE_OBJC_ARC = YES;
				CLANG_ENABLE_OBJC_WEAK = YES;
				CLANG_WARN_BLOCK_CAPTURE_AUTORELEASING = YES;
				CLANG_WARN_BOOL_CONVERSION = YES;
				CLANG_WARN_COMMA = YES;
				CLANG_WARN_CONSTANT_CONVERSION = YES;
				CLANG_WARN_DEPRECATED_OBJC_IMPLEMENTATIONS = YES;
				CLANG_WARN_DIRECT_OBJC_ISA_USAGE = YES_ERROR;
				CLANG_WARN_DOCUMENTATION_COMMENTS = YES;
				CLANG_WARN_EMPTY_BODY = YES;
				CLANG_WARN_ENUM_CONVERSION = YES;
				CLANG_WARN_INFINITE_RECURSION = YES;
				CLANG_WARN_INT_CONVERSION = YES;
				CLANG_WARN_NON_LITERAL_NULL_CONVERSION = YES;
				CLANG_WARN_OBJC_IMPLICIT_RETAIN_SELF = YES;
				CLANG_WARN_OBJC_LITERAL_CONVERSION = YES;
				CLANG_WARN_OBJC_ROOT_CLASS = YES_ERROR;
				CLANG_WARN_QUOTED_INCLUDE_IN_FRAMEWORK_HEADER = YES;
				CLANG_WARN_RANGE_LOOP_ANALYSIS = YES;
				CLANG_WARN_STRICT_PROTOTYPES = YES;
				CLANG_WARN_SUSPICIOUS_MOVE = YES;
				CLANG_WARN_UNGUARDED_AVAILABILITY = YES_AGGRESSIVE;
				CLANG_WARN_UNREACHABLE_CODE = YES;
				CLANG_WARN__DUPLICATE_METHOD_MATCH = YES;
				COPY_PHASE_STRIP = NO;
				DEBUG_INFORMATION_FORMAT = "dwarf-with-dsym";
				ENABLE_NS_ASSERTIONS = NO;
				ENABLE_STRICT_OBJC_MSGSEND = YES;
				GCC_C_LANGUAGE_STANDARD = gnu11;
				GCC_NO_COMMON_BLOCKS = YES;
				GCC_WARN_64_TO_32_BIT_CONVERSION = YES;
				GCC_WARN_ABOUT_RETURN_TYPE = YES_ERROR;
				GCC_WARN_UNDECLARED_SELECTOR = YES;
				GCC_WARN_UNINITIALIZED_AUTOS = YES_AGGRESSIVE;
				GCC_WARN_UNUSED_FUNCTION = YES;
				GCC_WARN_UNUSED_VARIABLE = YES;
				MTL_ENABLE_DEBUG_INFO = NO;
				MTL_FAST_MATH = YES;
				SWIFT_COMPILATION_MODE = wholemodule;
				SWIFT_OPTIMIZATION_LEVEL = "-O";
			};
			name = Release;
		};
		83B799432979BBC000A233FB /* Debug */ = {
			isa = XCBuildConfiguration;
			buildSettings = {
				ASSETCATALOG_COMPILER_APPICON_NAME = AppIcon;
				ASSETCATALOG_COMPILER_GLOBAL_ACCENT_COLOR_NAME = AccentColor;
				CODE_SIGN_ENTITLEMENTS = "MacroBarista Coffee Calculator/MacroBarista_Coffee_Calculator.entitlements";
				CODE_SIGN_STYLE = Automatic;
				CURRENT_PROJECT_VERSION = 1;
				DEVELOPMENT_ASSET_PATHS = "\"MacroBarista Coffee Calculator/Preview Content\"";
				ENABLE_PREVIEWS = YES;
				GENERATE_INFOPLIST_FILE = YES;
				"INFOPLIST_KEY_UIApplicationSceneManifest_Generation[sdk=iphoneos*]" = YES;
				"INFOPLIST_KEY_UIApplicationSceneManifest_Generation[sdk=iphonesimulator*]" = YES;
				"INFOPLIST_KEY_UIApplicationSupportsIndirectInputEvents[sdk=iphoneos*]" = YES;
				"INFOPLIST_KEY_UIApplicationSupportsIndirectInputEvents[sdk=iphonesimulator*]" = YES;
				"INFOPLIST_KEY_UILaunchScreen_Generation[sdk=iphoneos*]" = YES;
				"INFOPLIST_KEY_UILaunchScreen_Generation[sdk=iphonesimulator*]" = YES;
				"INFOPLIST_KEY_UIStatusBarStyle[sdk=iphoneos*]" = UIStatusBarStyleDefault;
				"INFOPLIST_KEY_UIStatusBarStyle[sdk=iphonesimulator*]" = UIStatusBarStyleDefault;
				INFOPLIST_KEY_UISupportedInterfaceOrientations_iPad = "UIInterfaceOrientationPortrait UIInterfaceOrientationPortraitUpsideDown UIInterfaceOrientationLandscapeLeft UIInterfaceOrientationLandscapeRight";
				INFOPLIST_KEY_UISupportedInterfaceOrientations_iPhone = "UIInterfaceOrientationPortrait UIInterfaceOrientationLandscapeLeft UIInterfaceOrientationLandscapeRight";
				IPHONEOS_DEPLOYMENT_TARGET = 16.2;
				LD_RUNPATH_SEARCH_PATHS = "@executable_path/Frameworks";
				"LD_RUNPATH_SEARCH_PATHS[sdk=macosx*]" = "@executable_path/../Frameworks";
				MACOSX_DEPLOYMENT_TARGET = 12.6;
				MARKETING_VERSION = 1.0;
				PRODUCT_BUNDLE_IDENTIFIER = "Alex-Mo.MacroBarista-Coffee-Calculator";
				PRODUCT_NAME = "$(TARGET_NAME)";
				SDKROOT = auto;
				SUPPORTED_PLATFORMS = "iphoneos iphonesimulator macosx";
				SWIFT_EMIT_LOC_STRINGS = YES;
				SWIFT_VERSION = 5.0;
				TARGETED_DEVICE_FAMILY = "1,2";
			};
			name = Debug;
		};
		83B799442979BBC000A233FB /* Release */ = {
			isa = XCBuildConfiguration;
			buildSettings = {
				ASSETCATALOG_COMPILER_APPICON_NAME = AppIcon;
				ASSETCATALOG_COMPILER_GLOBAL_ACCENT_COLOR_NAME = AccentColor;
				CODE_SIGN_ENTITLEMENTS = "MacroBarista Coffee Calculator/MacroBarista_Coffee_Calculator.entitlements";
				CODE_SIGN_STYLE = Automatic;
				CURRENT_PROJECT_VERSION = 1;
				DEVELOPMENT_ASSET_PATHS = "\"MacroBarista Coffee Calculator/Preview Content\"";
				ENABLE_PREVIEWS = YES;
				GENERATE_INFOPLIST_FILE = YES;
				"INFOPLIST_KEY_UIApplicationSceneManifest_Generation[sdk=iphoneos*]" = YES;
				"INFOPLIST_KEY_UIApplicationSceneManifest_Generation[sdk=iphonesimulator*]" = YES;
				"INFOPLIST_KEY_UIApplicationSupportsIndirectInputEvents[sdk=iphoneos*]" = YES;
				"INFOPLIST_KEY_UIApplicationSupportsIndirectInputEvents[sdk=iphonesimulator*]" = YES;
				"INFOPLIST_KEY_UILaunchScreen_Generation[sdk=iphoneos*]" = YES;
				"INFOPLIST_KEY_UILaunchScreen_Generation[sdk=iphonesimulator*]" = YES;
				"INFOPLIST_KEY_UIStatusBarStyle[sdk=iphoneos*]" = UIStatusBarStyleDefault;
				"INFOPLIST_KEY_UIStatusBarStyle[sdk=iphonesimulator*]" = UIStatusBarStyleDefault;
				INFOPLIST_KEY_UISupportedInterfaceOrientations_iPad = "UIInterfaceOrientationPortrait UIInterfaceOrientationPortraitUpsideDown UIInterfaceOrientationLandscapeLeft UIInterfaceOrientationLandscapeRight";
				INFOPLIST_KEY_UISupportedInterfaceOrientations_iPhone = "UIInterfaceOrientationPortrait UIInterfaceOrientationLandscapeLeft UIInterfaceOrientationLandscapeRight";
				IPHONEOS_DEPLOYMENT_TARGET = 16.2;
				LD_RUNPATH_SEARCH_PATHS = "@executable_path/Frameworks";
				"LD_RUNPATH_SEARCH_PATHS[sdk=macosx*]" = "@executable_path/../Frameworks";
				MACOSX_DEPLOYMENT_TARGET = 12.6;
				MARKETING_VERSION = 1.0;
				PRODUCT_BUNDLE_IDENTIFIER = "Alex-Mo.MacroBarista-Coffee-Calculator";
				PRODUCT_NAME = "$(TARGET_NAME)";
				SDKROOT = auto;
				SUPPORTED_PLATFORMS = "iphoneos iphonesimulator macosx";
				SWIFT_EMIT_LOC_STRINGS = YES;
				SWIFT_VERSION = 5.0;
				TARGETED_DEVICE_FAMILY = "1,2";
			};
			name = Release;
		};
		83B799462979BBC000A233FB /* Debug */ = {
			isa = XCBuildConfiguration;
			buildSettings = {
				ALWAYS_EMBED_SWIFT_STANDARD_LIBRARIES = YES;
				BUNDLE_LOADER = "$(TEST_HOST)";
				CODE_SIGN_STYLE = Automatic;
				CURRENT_PROJECT_VERSION = 1;
				GENERATE_INFOPLIST_FILE = YES;
				IPHONEOS_DEPLOYMENT_TARGET = 16.2;
				MACOSX_DEPLOYMENT_TARGET = 12.6;
				MARKETING_VERSION = 1.0;
				PRODUCT_BUNDLE_IDENTIFIER = "Alex-Mo.MacroBarista-Coffee-CalculatorTests";
				PRODUCT_NAME = "$(TARGET_NAME)";
				SDKROOT = auto;
				SUPPORTED_PLATFORMS = "iphoneos iphonesimulator macosx";
				SWIFT_EMIT_LOC_STRINGS = NO;
				SWIFT_VERSION = 5.0;
				TARGETED_DEVICE_FAMILY = "1,2";
				TEST_HOST = "$(BUILT_PRODUCTS_DIR)/MacroBarista Coffee Calculator.app/$(BUNDLE_EXECUTABLE_FOLDER_PATH)/MacroBarista Coffee Calculator";
			};
			name = Debug;
		};
		83B799472979BBC000A233FB /* Release */ = {
			isa = XCBuildConfiguration;
			buildSettings = {
				ALWAYS_EMBED_SWIFT_STANDARD_LIBRARIES = YES;
				BUNDLE_LOADER = "$(TEST_HOST)";
				CODE_SIGN_STYLE = Automatic;
				CURRENT_PROJECT_VERSION = 1;
				GENERATE_INFOPLIST_FILE = YES;
				IPHONEOS_DEPLOYMENT_TARGET = 16.2;
				MACOSX_DEPLOYMENT_TARGET = 12.6;
				MARKETING_VERSION = 1.0;
				PRODUCT_BUNDLE_IDENTIFIER = "Alex-Mo.MacroBarista-Coffee-CalculatorTests";
				PRODUCT_NAME = "$(TARGET_NAME)";
				SDKROOT = auto;
				SUPPORTED_PLATFORMS = "iphoneos iphonesimulator macosx";
				SWIFT_EMIT_LOC_STRINGS = NO;
				SWIFT_VERSION = 5.0;
				TARGETED_DEVICE_FAMILY = "1,2";
				TEST_HOST = "$(BUILT_PRODUCTS_DIR)/MacroBarista Coffee Calculator.app/$(BUNDLE_EXECUTABLE_FOLDER_PATH)/MacroBarista Coffee Calculator";
			};
			name = Release;
		};
		83B799492979BBC000A233FB /* Debug */ = {
			isa = XCBuildConfiguration;
			buildSettings = {
				ALWAYS_EMBED_SWIFT_STANDARD_LIBRARIES = YES;
				CODE_SIGN_STYLE = Automatic;
				CURRENT_PROJECT_VERSION = 1;
				GENERATE_INFOPLIST_FILE = YES;
				IPHONEOS_DEPLOYMENT_TARGET = 16.2;
				MACOSX_DEPLOYMENT_TARGET = 12.6;
				MARKETING_VERSION = 1.0;
				PRODUCT_BUNDLE_IDENTIFIER = "Alex-Mo.MacroBarista-Coffee-CalculatorUITests";
				PRODUCT_NAME = "$(TARGET_NAME)";
				SDKROOT = auto;
				SUPPORTED_PLATFORMS = "iphoneos iphonesimulator macosx";
				SWIFT_EMIT_LOC_STRINGS = NO;
				SWIFT_VERSION = 5.0;
				TARGETED_DEVICE_FAMILY = "1,2";
				TEST_TARGET_NAME = "MacroBarista Coffee Calculator";
			};
			name = Debug;
		};
		83B7994A2979BBC000A233FB /* Release */ = {
			isa = XCBuildConfiguration;
			buildSettings = {
				ALWAYS_EMBED_SWIFT_STANDARD_LIBRARIES = YES;
				CODE_SIGN_STYLE = Automatic;
				CURRENT_PROJECT_VERSION = 1;
				GENERATE_INFOPLIST_FILE = YES;
				IPHONEOS_DEPLOYMENT_TARGET = 16.2;
				MACOSX_DEPLOYMENT_TARGET = 12.6;
				MARKETING_VERSION = 1.0;
				PRODUCT_BUNDLE_IDENTIFIER = "Alex-Mo.MacroBarista-Coffee-CalculatorUITests";
				PRODUCT_NAME = "$(TARGET_NAME)";
				SDKROOT = auto;
				SUPPORTED_PLATFORMS = "iphoneos iphonesimulator macosx";
				SWIFT_EMIT_LOC_STRINGS = NO;
				SWIFT_VERSION = 5.0;
				TARGETED_DEVICE_FAMILY = "1,2";
				TEST_TARGET_NAME = "MacroBarista Coffee Calculator";
			};
			name = Release;
		};
/* End XCBuildConfiguration section */

/* Begin XCConfigurationList section */
		83B799182979BBB800A233FB /* Build configuration list for PBXProject "MacroBarista Coffee Calculator" */ = {
			isa = XCConfigurationList;
			buildConfigurations = (
				83B799402979BBC000A233FB /* Debug */,
				83B799412979BBC000A233FB /* Release */,
			);
			defaultConfigurationIsVisible = 0;
			defaultConfigurationName = Release;
		};
		83B799422979BBC000A233FB /* Build configuration list for PBXNativeTarget "MacroBarista Coffee Calculator" */ = {
			isa = XCConfigurationList;
			buildConfigurations = (
				83B799432979BBC000A233FB /* Debug */,
				83B799442979BBC000A233FB /* Release */,
			);
			defaultConfigurationIsVisible = 0;
			defaultConfigurationName = Release;
		};
		83B799452979BBC000A233FB /* Build configuration list for PBXNativeTarget "MacroBarista Coffee CalculatorTests" */ = {
			isa = XCConfigurationList;
			buildConfigurations = (
				83B799462979BBC000A233FB /* Debug */,
				83B799472979BBC000A233FB /* Release */,
			);
			defaultConfigurationIsVisible = 0;
			defaultConfigurationName = Release;
		};
		83B799482979BBC000A233FB /* Build configuration list for PBXNativeTarget "MacroBarista Coffee CalculatorUITests" */ = {
			isa = XCConfigurationList;
			buildConfigurations = (
				83B799492979BBC000A233FB /* Debug */,
				83B7994A2979BBC000A233FB /* Release */,
			);
			defaultConfigurationIsVisible = 0;
			defaultConfigurationName = Release;
		};
/* End XCConfigurationList section */

/* Begin XCRemoteSwiftPackageReference section */
		837A5F62297DA6F2000238D3 /* XCRemoteSwiftPackageReference "firebase-ios-sdk" */ = {
			isa = XCRemoteSwiftPackageReference;
			repositoryURL = "https://github.com/firebase/firebase-ios-sdk";
			requirement = {
				kind = upToNextMajorVersion;
				minimumVersion = 9.0.0;
			};
		};
/* End XCRemoteSwiftPackageReference section */

/* Begin XCSwiftPackageProductDependency section */
		837A5F63297DA6F2000238D3 /* FirebaseAnalyticsSwift */ = {
			isa = XCSwiftPackageProductDependency;
			package = 837A5F62297DA6F2000238D3 /* XCRemoteSwiftPackageReference "firebase-ios-sdk" */;
			productName = FirebaseAnalyticsSwift;
		};
		837A5F65297DA6F2000238D3 /* FirebaseAppCheck */ = {
			isa = XCSwiftPackageProductDependency;
			package = 837A5F62297DA6F2000238D3 /* XCRemoteSwiftPackageReference "firebase-ios-sdk" */;
			productName = FirebaseAppCheck;
		};
		837A5F67297DA6F2000238D3 /* FirebaseAuth */ = {
			isa = XCSwiftPackageProductDependency;
			package = 837A5F62297DA6F2000238D3 /* XCRemoteSwiftPackageReference "firebase-ios-sdk" */;
			productName = FirebaseAuth;
		};
		837A5F69297DA6F2000238D3 /* FirebaseDatabaseSwift */ = {
			isa = XCSwiftPackageProductDependency;
			package = 837A5F62297DA6F2000238D3 /* XCRemoteSwiftPackageReference "firebase-ios-sdk" */;
			productName = FirebaseDatabaseSwift;
		};
		837A5F6B297DA6F2000238D3 /* FirebaseFunctions */ = {
			isa = XCSwiftPackageProductDependency;
			package = 837A5F62297DA6F2000238D3 /* XCRemoteSwiftPackageReference "firebase-ios-sdk" */;
			productName = FirebaseFunctions;
		};
		837A5F6D297DA6F2000238D3 /* FirebaseStorage */ = {
			isa = XCSwiftPackageProductDependency;
			package = 837A5F62297DA6F2000238D3 /* XCRemoteSwiftPackageReference "firebase-ios-sdk" */;
			productName = FirebaseStorage;
		};
/* End XCSwiftPackageProductDependency section */
	};
	rootObject = 83B799152979BBB800A233FB /* Project object */;
}
